// !$*UTF8*$!
{
	archiveVersion = 1;
	classes = {
	};
	objectVersion = 50;
	objects = {

/* Begin PBXBuildFile section */
		8579A4C7236C40AA00520B5A /* AppDelegate.swift in Sources */ = {isa = PBXBuildFile; fileRef = 8579A4C6236C40AA00520B5A /* AppDelegate.swift */; };
		8579A4C9236C40AA00520B5A /* ViewController.swift in Sources */ = {isa = PBXBuildFile; fileRef = 8579A4C8236C40AA00520B5A /* ViewController.swift */; };
		8579A4CC236C40AA00520B5A /* Main.storyboard in Resources */ = {isa = PBXBuildFile; fileRef = 8579A4CA236C40AA00520B5A /* Main.storyboard */; };
		8579A4CE236C40AC00520B5A /* Assets.xcassets in Resources */ = {isa = PBXBuildFile; fileRef = 8579A4CD236C40AC00520B5A /* Assets.xcassets */; };
		8579A4D1236C40AC00520B5A /* LaunchScreen.storyboard in Resources */ = {isa = PBXBuildFile; fileRef = 8579A4CF236C40AC00520B5A /* LaunchScreen.storyboard */; };
		8579A4DC236C40AC00520B5A /* task4Tests.swift in Sources */ = {isa = PBXBuildFile; fileRef = 8579A4DB236C40AC00520B5A /* task4Tests.swift */; };
		8579A4E7236C40AC00520B5A /* task4UITests.swift in Sources */ = {isa = PBXBuildFile; fileRef = 8579A4E6236C40AC00520B5A /* task4UITests.swift */; };
		8579A4F5236C436700520B5A /* DrawView.swift in Sources */ = {isa = PBXBuildFile; fileRef = 8579A4F4236C436700520B5A /* DrawView.swift */; };
/* End PBXBuildFile section */

/* Begin PBXContainerItemProxy section */
		8579A4D8236C40AC00520B5A /* PBXContainerItemProxy */ = {
			isa = PBXContainerItemProxy;
			containerPortal = 8579A4BB236C40AA00520B5A /* Project object */;
			proxyType = 1;
			remoteGlobalIDString = 8579A4C2236C40AA00520B5A;
			remoteInfo = task4;
		};
		8579A4E3236C40AC00520B5A /* PBXContainerItemProxy */ = {
			isa = PBXContainerItemProxy;
			containerPortal = 8579A4BB236C40AA00520B5A /* Project object */;
			proxyType = 1;
			remoteGlobalIDString = 8579A4C2236C40AA00520B5A;
			remoteInfo = task4;
		};
/* End PBXContainerItemProxy section */

/* Begin PBXFileReference section */
		8579A4C3236C40AA00520B5A /* task4.app */ = {isa = PBXFileReference; explicitFileType = wrapper.application; includeInIndex = 0; path = task4.app; sourceTree = BUILT_PRODUCTS_DIR; };
		8579A4C6236C40AA00520B5A /* AppDelegate.swift */ = {isa = PBXFileReference; lastKnownFileType = sourcecode.swift; path = AppDelegate.swift; sourceTree = "<group>"; };
		8579A4C8236C40AA00520B5A /* ViewController.swift */ = {isa = PBXFileReference; lastKnownFileType = sourcecode.swift; path = ViewController.swift; sourceTree = "<group>"; };
		8579A4CB236C40AA00520B5A /* Base */ = {isa = PBXFileReference; lastKnownFileType = file.storyboard; name = Base; path = Base.lproj/Main.storyboard; sourceTree = "<group>"; };
		8579A4CD236C40AC00520B5A /* Assets.xcassets */ = {isa = PBXFileReference; lastKnownFileType = folder.assetcatalog; path = Assets.xcassets; sourceTree = "<group>"; };
		8579A4D0236C40AC00520B5A /* Base */ = {isa = PBXFileReference; lastKnownFileType = file.storyboard; name = Base; path = Base.lproj/LaunchScreen.storyboard; sourceTree = "<group>"; };
		8579A4D2236C40AC00520B5A /* Info.plist */ = {isa = PBXFileReference; lastKnownFileType = text.plist.xml; path = Info.plist; sourceTree = "<group>"; };
		8579A4D7236C40AC00520B5A /* task4Tests.xctest */ = {isa = PBXFileReference; explicitFileType = wrapper.cfbundle; includeInIndex = 0; path = task4Tests.xctest; sourceTree = BUILT_PRODUCTS_DIR; };
		8579A4DB236C40AC00520B5A /* task4Tests.swift */ = {isa = PBXFileReference; lastKnownFileType = sourcecode.swift; path = task4Tests.swift; sourceTree = "<group>"; };
		8579A4DD236C40AC00520B5A /* Info.plist */ = {isa = PBXFileReference; lastKnownFileType = text.plist.xml; path = Info.plist; sourceTree = "<group>"; };
		8579A4E2236C40AC00520B5A /* task4UITests.xctest */ = {isa = PBXFileReference; explicitFileType = wrapper.cfbundle; includeInIndex = 0; path = task4UITests.xctest; sourceTree = BUILT_PRODUCTS_DIR; };
		8579A4E6236C40AC00520B5A /* task4UITests.swift */ = {isa = PBXFileReference; lastKnownFileType = sourcecode.swift; path = task4UITests.swift; sourceTree = "<group>"; };
		8579A4E8236C40AC00520B5A /* Info.plist */ = {isa = PBXFileReference; lastKnownFileType = text.plist.xml; path = Info.plist; sourceTree = "<group>"; };
		8579A4F4236C436700520B5A /* DrawView.swift */ = {isa = PBXFileReference; lastKnownFileType = sourcecode.swift; path = DrawView.swift; sourceTree = "<group>"; };
/* End PBXFileReference section */

/* Begin PBXFrameworksBuildPhase section */
		8579A4C0236C40AA00520B5A /* Frameworks */ = {
			isa = PBXFrameworksBuildPhase;
			buildActionMask = 2147483647;
			files = (
			);
			runOnlyForDeploymentPostprocessing = 0;
		};
		8579A4D4236C40AC00520B5A /* Frameworks */ = {
			isa = PBXFrameworksBuildPhase;
			buildActionMask = 2147483647;
			files = (
			);
			runOnlyForDeploymentPostprocessing = 0;
		};
		8579A4DF236C40AC00520B5A /* Frameworks */ = {
			isa = PBXFrameworksBuildPhase;
			buildActionMask = 2147483647;
			files = (
			);
			runOnlyForDeploymentPostprocessing = 0;
		};
/* End PBXFrameworksBuildPhase section */

/* Begin PBXGroup section */
		855AF21723704BDD000698B3 /* Views */ = {
			isa = PBXGroup;
			children = (
				8579A4F4236C436700520B5A /* DrawView.swift */,
			);
			path = Views;
			sourceTree = "<group>";
		};
		8579A4BA236C40AA00520B5A = {
			isa = PBXGroup;
			children = (
				8579A4C5236C40AA00520B5A /* task4 */,
				8579A4DA236C40AC00520B5A /* task4Tests */,
				8579A4E5236C40AC00520B5A /* task4UITests */,
				8579A4C4236C40AA00520B5A /* Products */,
			);
			sourceTree = "<group>";
		};
		8579A4C4236C40AA00520B5A /* Products */ = {
			isa = PBXGroup;
			children = (
				8579A4C3236C40AA00520B5A /* task4.app */,
				8579A4D7236C40AC00520B5A /* task4Tests.xctest */,
				8579A4E2236C40AC00520B5A /* task4UITests.xctest */,
			);
			name = Products;
			sourceTree = "<group>";
		};
		8579A4C5236C40AA00520B5A /* task4 */ = {
			isa = PBXGroup;
			children = (
				855AF21723704BDD000698B3 /* Views */,
				8579A4C6236C40AA00520B5A /* AppDelegate.swift */,
				8579A4C8236C40AA00520B5A /* ViewController.swift */,
				8579A4CA236C40AA00520B5A /* Main.storyboard */,
				8579A4CD236C40AC00520B5A /* Assets.xcassets */,
				8579A4CF236C40AC00520B5A /* LaunchScreen.storyboard */,
				8579A4D2236C40AC00520B5A /* Info.plist */,
			);
			path = task4;
			sourceTree = "<group>";
		};
		8579A4DA236C40AC00520B5A /* task4Tests */ = {
			isa = PBXGroup;
			children = (
				8579A4DB236C40AC00520B5A /* task4Tests.swift */,
				8579A4DD236C40AC00520B5A /* Info.plist */,
			);
			path = task4Tests;
			sourceTree = "<group>";
		};
		8579A4E5236C40AC00520B5A /* task4UITests */ = {
			isa = PBXGroup;
			children = (
				8579A4E6236C40AC00520B5A /* task4UITests.swift */,
				8579A4E8236C40AC00520B5A /* Info.plist */,
			);
			path = task4UITests;
			sourceTree = "<group>";
		};
/* End PBXGroup section */

/* Begin PBXNativeTarget section */
		8579A4C2236C40AA00520B5A /* task4 */ = {
			isa = PBXNativeTarget;
			buildConfigurationList = 8579A4EB236C40AC00520B5A /* Build configuration list for PBXNativeTarget "task4" */;
			buildPhases = (
				8579A4BF236C40AA00520B5A /* Sources */,
				8579A4C0236C40AA00520B5A /* Frameworks */,
				8579A4C1236C40AA00520B5A /* Resources */,
			);
			buildRules = (
			);
			dependencies = (
			);
			name = task4;
			productName = task4;
			productReference = 8579A4C3236C40AA00520B5A /* task4.app */;
			productType = "com.apple.product-type.application";
		};
		8579A4D6236C40AC00520B5A /* task4Tests */ = {
			isa = PBXNativeTarget;
			buildConfigurationList = 8579A4EE236C40AC00520B5A /* Build configuration list for PBXNativeTarget "task4Tests" */;
			buildPhases = (
				8579A4D3236C40AC00520B5A /* Sources */,
				8579A4D4236C40AC00520B5A /* Frameworks */,
				8579A4D5236C40AC00520B5A /* Resources */,
			);
			buildRules = (
			);
			dependencies = (
				8579A4D9236C40AC00520B5A /* PBXTargetDependency */,
			);
			name = task4Tests;
			productName = task4Tests;
			productReference = 8579A4D7236C40AC00520B5A /* task4Tests.xctest */;
			productType = "com.apple.product-type.bundle.unit-test";
		};
		8579A4E1236C40AC00520B5A /* task4UITests */ = {
			isa = PBXNativeTarget;
			buildConfigurationList = 8579A4F1236C40AC00520B5A /* Build configuration list for PBXNativeTarget "task4UITests" */;
			buildPhases = (
				8579A4DE236C40AC00520B5A /* Sources */,
				8579A4DF236C40AC00520B5A /* Frameworks */,
				8579A4E0236C40AC00520B5A /* Resources */,
			);
			buildRules = (
			);
			dependencies = (
				8579A4E4236C40AC00520B5A /* PBXTargetDependency */,
			);
			name = task4UITests;
			productName = task4UITests;
			productReference = 8579A4E2236C40AC00520B5A /* task4UITests.xctest */;
			productType = "com.apple.product-type.bundle.ui-testing";
		};
/* End PBXNativeTarget section */

/* Begin PBXProject section */
		8579A4BB236C40AA00520B5A /* Project object */ = {
			isa = PBXProject;
			attributes = {
				LastSwiftUpdateCheck = 1010;
				LastUpgradeCheck = 1010;
				ORGANIZATIONNAME = Stanislav;
				TargetAttributes = {
					8579A4C2236C40AA00520B5A = {
						CreatedOnToolsVersion = 10.1;
					};
					8579A4D6236C40AC00520B5A = {
						CreatedOnToolsVersion = 10.1;
						TestTargetID = 8579A4C2236C40AA00520B5A;
					};
					8579A4E1236C40AC00520B5A = {
						CreatedOnToolsVersion = 10.1;
						TestTargetID = 8579A4C2236C40AA00520B5A;
					};
				};
			};
			buildConfigurationList = 8579A4BE236C40AA00520B5A /* Build configuration list for PBXProject "task4" */;
			compatibilityVersion = "Xcode 9.3";
			developmentRegion = en;
			hasScannedForEncodings = 0;
			knownRegions = (
				en,
				Base,
			);
			mainGroup = 8579A4BA236C40AA00520B5A;
			productRefGroup = 8579A4C4236C40AA00520B5A /* Products */;
			projectDirPath = "";
			projectRoot = "";
			targets = (
				8579A4C2236C40AA00520B5A /* task4 */,
				8579A4D6236C40AC00520B5A /* task4Tests */,
				8579A4E1236C40AC00520B5A /* task4UITests */,
			);
		};
/* End PBXProject section */

/* Begin PBXResourcesBuildPhase section */
		8579A4C1236C40AA00520B5A /* Resources */ = {
			isa = PBXResourcesBuildPhase;
			buildActionMask = 2147483647;
			files = (
				8579A4D1236C40AC00520B5A /* LaunchScreen.storyboard in Resources */,
				8579A4CE236C40AC00520B5A /* Assets.xcassets in Resources */,
				8579A4CC236C40AA00520B5A /* Main.storyboard in Resources */,
			);
			runOnlyForDeploymentPostprocessing = 0;
		};
		8579A4D5236C40AC00520B5A /* Resources */ = {
			isa = PBXResourcesBuildPhase;
			buildActionMask = 2147483647;
			files = (
			);
			runOnlyForDeploymentPostprocessing = 0;
		};
		8579A4E0236C40AC00520B5A /* Resources */ = {
			isa = PBXResourcesBuildPhase;
			buildActionMask = 2147483647;
			files = (
			);
			runOnlyForDeploymentPostprocessing = 0;
		};
/* End PBXResourcesBuildPhase section */

/* Begin PBXSourcesBuildPhase section */
		8579A4BF236C40AA00520B5A /* Sources */ = {
			isa = PBXSourcesBuildPhase;
			buildActionMask = 2147483647;
			files = (
				8579A4C9236C40AA00520B5A /* ViewController.swift in Sources */,
				8579A4C7236C40AA00520B5A /* AppDelegate.swift in Sources */,
				8579A4F5236C436700520B5A /* DrawView.swift in Sources */,
			);
			runOnlyForDeploymentPostprocessing = 0;
		};
		8579A4D3236C40AC00520B5A /* Sources */ = {
			isa = PBXSourcesBuildPhase;
			buildActionMask = 2147483647;
			files = (
				8579A4DC236C40AC00520B5A /* task4Tests.swift in Sources */,
			);
			runOnlyForDeploymentPostprocessing = 0;
		};
		8579A4DE236C40AC00520B5A /* Sources */ = {
			isa = PBXSourcesBuildPhase;
			buildActionMask = 2147483647;
			files = (
				8579A4E7236C40AC00520B5A /* task4UITests.swift in Sources */,
			);
			runOnlyForDeploymentPostprocessing = 0;
		};
/* End PBXSourcesBuildPhase section */

/* Begin PBXTargetDependency section */
		8579A4D9236C40AC00520B5A /* PBXTargetDependency */ = {
			isa = PBXTargetDependency;
			target = 8579A4C2236C40AA00520B5A /* task4 */;
			targetProxy = 8579A4D8236C40AC00520B5A /* PBXContainerItemProxy */;
		};
		8579A4E4236C40AC00520B5A /* PBXTargetDependency */ = {
			isa = PBXTargetDependency;
			target = 8579A4C2236C40AA00520B5A /* task4 */;
			targetProxy = 8579A4E3236C40AC00520B5A /* PBXContainerItemProxy */;
		};
/* End PBXTargetDependency section */

/* Begin PBXVariantGroup section */
		8579A4CA236C40AA00520B5A /* Main.storyboard */ = {
			isa = PBXVariantGroup;
			children = (
				8579A4CB236C40AA00520B5A /* Base */,
			);
			name = Main.storyboard;
			sourceTree = "<group>";
		};
		8579A4CF236C40AC00520B5A /* LaunchScreen.storyboard */ = {
			isa = PBXVariantGroup;
			children = (
				8579A4D0236C40AC00520B5A /* Base */,
			);
			name = LaunchScreen.storyboard;
			sourceTree = "<group>";
		};
/* End PBXVariantGroup section */

/* Begin XCBuildConfiguration section */
		8579A4E9236C40AC00520B5A /* Debug */ = {
			isa = XCBuildConfiguration;
			buildSettings = {
				ALWAYS_SEARCH_USER_PATHS = NO;
				CLANG_ANALYZER_NONNULL = YES;
				CLANG_ANALYZER_NUMBER_OBJECT_CONVERSION = YES_AGGRESSIVE;
				CLANG_CXX_LANGUAGE_STANDARD = "gnu++14";
				CLANG_CXX_LIBRARY = "libc++";
				CLANG_ENABLE_MODULES = YES;
				CLANG_ENABLE_OBJC_ARC = YES;
				CLANG_ENABLE_OBJC_WEAK = YES;
				CLANG_WARN_BLOCK_CAPTURE_AUTORELEASING = YES;
				CLANG_WARN_BOOL_CONVERSION = YES;
				CLANG_WARN_COMMA = YES;
				CLANG_WARN_CONSTANT_CONVERSION = YES;
				CLANG_WARN_DEPRECATED_OBJC_IMPLEMENTATIONS = YES;
				CLANG_WARN_DIRECT_OBJC_ISA_USAGE = YES_ERROR;
				CLANG_WARN_DOCUMENTATION_COMMENTS = YES;
				CLANG_WARN_EMPTY_BODY = YES;
				CLANG_WARN_ENUM_CONVERSION = YES;
				CLANG_WARN_INFINITE_RECURSION = YES;
				CLANG_WARN_INT_CONVERSION = YES;
				CLANG_WARN_NON_LITERAL_NULL_CONVERSION = YES;
				CLANG_WARN_OBJC_IMPLICIT_RETAIN_SELF = YES;
				CLANG_WARN_OBJC_LITERAL_CONVERSION = YES;
				CLANG_WARN_OBJC_ROOT_CLASS = YES_ERROR;
				CLANG_WARN_RANGE_LOOP_ANALYSIS = YES;
				CLANG_WARN_STRICT_PROTOTYPES = YES;
				CLANG_WARN_SUSPICIOUS_MOVE = YES;
				CLANG_WARN_UNGUARDED_AVAILABILITY = YES_AGGRESSIVE;
				CLANG_WARN_UNREACHABLE_CODE = YES;
				CLANG_WARN__DUPLICATE_METHOD_MATCH = YES;
				CODE_SIGN_IDENTITY = "iPhone Developer";
				COPY_PHASE_STRIP = NO;
				DEBUG_INFORMATION_FORMAT = dwarf;
				ENABLE_STRICT_OBJC_MSGSEND = YES;
				ENABLE_TESTABILITY = YES;
				GCC_C_LANGUAGE_STANDARD = gnu11;
				GCC_DYNAMIC_NO_PIC = NO;
				GCC_NO_COMMON_BLOCKS = YES;
				GCC_OPTIMIZATION_LEVEL = 0;
				GCC_PREPROCESSOR_DEFINITIONS = (
					"DEBUG=1",
					"$(inherited)",
				);
				GCC_WARN_64_TO_32_BIT_CONVERSION = YES;
				GCC_WARN_ABOUT_RETURN_TYPE = YES_ERROR;
				GCC_WARN_UNDECLARED_SELECTOR = YES;
				GCC_WARN_UNINITIALIZED_AUTOS = YES_AGGRESSIVE;
				GCC_WARN_UNUSED_FUNCTION = YES;
				GCC_WARN_UNUSED_VARIABLE = YES;
				IPHONEOS_DEPLOYMENT_TARGET = 12.1;
				MTL_ENABLE_DEBUG_INFO = INCLUDE_SOURCE;
				MTL_FAST_MATH = YES;
				ONLY_ACTIVE_ARCH = YES;
				SDKROOT = iphoneos;
				SWIFT_ACTIVE_COMPILATION_CONDITIONS = DEBUG;
				SWIFT_OPTIMIZATION_LEVEL = "-Onone";
			};
			name = Debug;
		};
		8579A4EA236C40AC00520B5A /* Release */ = {
			isa = XCBuildConfiguration;
			buildSettings = {
				ALWAYS_SEARCH_USER_PATHS = NO;
				CLANG_ANALYZER_NONNULL = YES;
				CLANG_ANALYZER_NUMBER_OBJECT_CONVERSION = YES_AGGRESSIVE;
				CLANG_CXX_LANGUAGE_STANDARD = "gnu++14";
				CLANG_CXX_LIBRARY = "libc++";
				CLANG_ENABLE_MODULES = YES;
				CLANG_ENABLE_OBJC_ARC = YES;
				CLANG_ENABLE_OBJC_WEAK = YES;
				CLANG_WARN_BLOCK_CAPTURE_AUTORELEASING = YES;
				CLANG_WARN_BOOL_CONVERSION = YES;
				CLANG_WARN_COMMA = YES;
				CLANG_WARN_CONSTANT_CONVERSION = YES;
				CLANG_WARN_DEPRECATED_OBJC_IMPLEMENTATIONS = YES;
				CLANG_WARN_DIRECT_OBJC_ISA_USAGE = YES_ERROR;
				CLANG_WARN_DOCUMENTATION_COMMENTS = YES;
				CLANG_WARN_EMPTY_BODY = YES;
				CLANG_WARN_ENUM_CONVERSION = YES;
				CLANG_WARN_INFINITE_RECURSION = YES;
				CLANG_WARN_INT_CONVERSION = YES;
				CLANG_WARN_NON_LITERAL_NULL_CONVERSION = YES;
				CLANG_WARN_OBJC_IMPLICIT_RETAIN_SELF = YES;
				CLANG_WARN_OBJC_LITERAL_CONVERSION = YES;
				CLANG_WARN_OBJC_ROOT_CLASS = YES_ERROR;
				CLANG_WARN_RANGE_LOOP_ANALYSIS = YES;
				CLANG_WARN_STRICT_PROTOTYPES = YES;
				CLANG_WARN_SUSPICIOUS_MOVE = YES;
				CLANG_WARN_UNGUARDED_AVAILABILITY = YES_AGGRESSIVE;
				CLANG_WARN_UNREACHABLE_CODE = YES;
				CLANG_WARN__DUPLICATE_METHOD_MATCH = YES;
				CODE_SIGN_IDENTITY = "iPhone Developer";
				COPY_PHASE_STRIP = NO;
				DEBUG_INFORMATION_FORMAT = "dwarf-with-dsym";
				ENABLE_NS_ASSERTIONS = NO;
				ENABLE_STRICT_OBJC_MSGSEND = YES;
				GCC_C_LANGUAGE_STANDARD = gnu11;
				GCC_NO_COMMON_BLOCKS = YES;
				GCC_WARN_64_TO_32_BIT_CONVERSION = YES;
				GCC_WARN_ABOUT_RETURN_TYPE = YES_ERROR;
				GCC_WARN_UNDECLARED_SELECTOR = YES;
				GCC_WARN_UNINITIALIZED_AUTOS = YES_AGGRESSIVE;
				GCC_WARN_UNUSED_FUNCTION = YES;
				GCC_WARN_UNUSED_VARIABLE = YES;
				IPHONEOS_DEPLOYMENT_TARGET = 12.1;
				MTL_ENABLE_DEBUG_INFO = NO;
				MTL_FAST_MATH = YES;
				SDKROOT = iphoneos;
				SWIFT_COMPILATION_MODE = wholemodule;
				SWIFT_OPTIMIZATION_LEVEL = "-O";
				VALIDATE_PRODUCT = YES;
			};
			name = Release;
		};
		8579A4EC236C40AC00520B5A /* Debug */ = {
			isa = XCBuildConfiguration;
			buildSettings = {
				ASSETCATALOG_COMPILER_APPICON_NAME = AppIcon;
				CODE_SIGN_STYLE = Automatic;
				DEVELOPMENT_TEAM = 6S82TSHRGB;
				INFOPLIST_FILE = task4/Info.plist;
				IPHONEOS_DEPLOYMENT_TARGET = 10.3;
				LD_RUNPATH_SEARCH_PATHS = (
					"$(inherited)",
					"@executable_path/Frameworks",
				);
				PRODUCT_BUNDLE_IDENTIFIER = myTeam.task4;
				PRODUCT_NAME = "$(TARGET_NAME)";
				SWIFT_VERSION = 4.2;
				TARGETED_DEVICE_FAMILY = "1,2";
			};
			name = Debug;
		};
		8579A4ED236C40AC00520B5A /* Release */ = {
			isa = XCBuildConfiguration;
			buildSettings = {
				ASSETCATALOG_COMPILER_APPICON_NAME = AppIcon;
				CODE_SIGN_STYLE = Automatic;
				DEVELOPMENT_TEAM = 6S82TSHRGB;
				INFOPLIST_FILE = task4/Info.plist;
				IPHONEOS_DEPLOYMENT_TARGET = 10.3;
				LD_RUNPATH_SEARCH_PATHS = (
					"$(inherited)",
					"@executable_path/Frameworks",
				);
				PRODUCT_BUNDLE_IDENTIFIER = myTeam.task4;
				PRODUCT_NAME = "$(TARGET_NAME)";
				SWIFT_VERSION = 4.2;
				TARGETED_DEVICE_FAMILY = "1,2";
			};
			name = Release;
		};
		8579A4EF236C40AC00520B5A /* Debug */ = {
			isa = XCBuildConfiguration;
			buildSettings = {
				ALWAYS_EMBED_SWIFT_STANDARD_LIBRARIES = YES;
				BUNDLE_LOADER = "$(TEST_HOST)";
				CODE_SIGN_STYLE = Automatic;
				DEVELOPMENT_TEAM = 6S82TSHRGB;
				INFOPLIST_FILE = task4Tests/Info.plist;
				LD_RUNPATH_SEARCH_PATHS = (
					"$(inherited)",
					"@executable_path/Frameworks",
					"@loader_path/Frameworks",
				);
				PRODUCT_BUNDLE_IDENTIFIER = myTeam.task4Tests;
				PRODUCT_NAME = "$(TARGET_NAME)";
				SWIFT_VERSION = 4.2;
				TARGETED_DEVICE_FAMILY = "1,2";
				TEST_HOST = "$(BUILT_PRODUCTS_DIR)/task4.app/task4";
			};
			name = Debug;
		};
		8579A4F0236C40AC00520B5A /* Release */ = {
			isa = XCBuildConfiguration;
			buildSettings = {
				ALWAYS_EMBED_SWIFT_STANDARD_LIBRARIES = YES;
				BUNDLE_LOADER = "$(TEST_HOST)";
				CODE_SIGN_STYLE = Automatic;
				DEVELOPMENT_TEAM = 6S82TSHRGB;
				INFOPLIST_FILE = task4Tests/Info.plist;
				LD_RUNPATH_SEARCH_PATHS = (
					"$(inherited)",
					"@executable_path/Frameworks",
					"@loader_path/Frameworks",
				);
				PRODUCT_BUNDLE_IDENTIFIER = myTeam.task4Tests;
				PRODUCT_NAME = "$(TARGET_NAME)";
				SWIFT_VERSION = 4.2;
				TARGETED_DEVICE_FAMILY = "1,2";
				TEST_HOST = "$(BUILT_PRODUCTS_DIR)/task4.app/task4";
			};
			name = Release;
		};
		8579A4F2236C40AC00520B5A /* Debug */ = {
			isa = XCBuildConfiguration;
			buildSettings = {
				ALWAYS_EMBED_SWIFT_STANDARD_LIBRARIES = YES;
				CODE_SIGN_STYLE = Automatic;
				DEVELOPMENT_TEAM = 6S82TSHRGB;
				INFOPLIST_FILE = task4UITests/Info.plist;
				LD_RUNPATH_SEARCH_PATHS = (
					"$(inherited)",
					"@executable_path/Frameworks",
					"@loader_path/Frameworks",
				);
				PRODUCT_BUNDLE_IDENTIFIER = myTeam.task4UITests;
				PRODUCT_NAME = "$(TARGET_NAME)";
				SWIFT_VERSION = 4.2;
				TARGETED_DEVICE_FAMILY = "1,2";
				TEST_TARGET_NAME = task4;
			};
			name = Debug;
		};
		8579A4F3236C40AC00520B5A /* Release */ = {
			isa = XCBuildConfiguration;
			buildSettings = {
				ALWAYS_EMBED_SWIFT_STANDARD_LIBRARIES = YES;
				CODE_SIGN_STYLE = Automatic;
				DEVELOPMENT_TEAM = 6S82TSHRGB;
				INFOPLIST_FILE = task4UITests/Info.plist;
				LD_RUNPATH_SEARCH_PATHS = (
					"$(inherited)",
					"@executable_path/Frameworks",
					"@loader_path/Frameworks",
				);
				PRODUCT_BUNDLE_IDENTIFIER = myTeam.task4UITests;
				PRODUCT_NAME = "$(TARGET_NAME)";
				SWIFT_VERSION = 4.2;
				TARGETED_DEVICE_FAMILY = "1,2";
				TEST_TARGET_NAME = task4;
			};
			name = Release;
		};
/* End XCBuildConfiguration section */

/* Begin XCConfigurationList section */
		8579A4BE236C40AA00520B5A /* Build configuration list for PBXProject "task4" */ = {
			isa = XCConfigurationList;
			buildConfigurations = (
				8579A4E9236C40AC00520B5A /* Debug */,
				8579A4EA236C40AC00520B5A /* Release */,
			);
			defaultConfigurationIsVisible = 0;
			defaultConfigurationName = Release;
		};
		8579A4EB236C40AC00520B5A /* Build configuration list for PBXNativeTarget "task4" */ = {
			isa = XCConfigurationList;
			buildConfigurations = (
				8579A4EC236C40AC00520B5A /* Debug */,
				8579A4ED236C40AC00520B5A /* Release */,
			);
			defaultConfigurationIsVisible = 0;
			defaultConfigurationName = Release;
		};
		8579A4EE236C40AC00520B5A /* Build configuration list for PBXNativeTarget "task4Tests" */ = {
			isa = XCConfigurationList;
			buildConfigurations = (
				8579A4EF236C40AC00520B5A /* Debug */,
				8579A4F0236C40AC00520B5A /* Release */,
			);
			defaultConfigurationIsVisible = 0;
			defaultConfigurationName = Release;
		};
		8579A4F1236C40AC00520B5A /* Build configuration list for PBXNativeTarget "task4UITests" */ = {
			isa = XCConfigurationList;
			buildConfigurations = (
				8579A4F2236C40AC00520B5A /* Debug */,
				8579A4F3236C40AC00520B5A /* Release */,
			);
			defaultConfigurationIsVisible = 0;
			defaultConfigurationName = Release;
		};
/* End XCConfigurationList section */
	};
	rootObject = 8579A4BB236C40AA00520B5A /* Project object */;
}
