// !$*UTF8*$!
{
	archiveVersion = 1;
	classes = {
	};
	objectVersion = 50;
	objects = {

/* Begin PBXBuildFile section */
		900204462362C85100907AE6 /* AppDelegate.swift in Sources */ = {isa = PBXBuildFile; fileRef = 900204452362C85100907AE6 /* AppDelegate.swift */; };
		900204482362C85100907AE6 /* SceneDelegate.swift in Sources */ = {isa = PBXBuildFile; fileRef = 900204472362C85100907AE6 /* SceneDelegate.swift */; };
		9002044A2362C85100907AE6 /* ViewController.swift in Sources */ = {isa = PBXBuildFile; fileRef = 900204492362C85100907AE6 /* ViewController.swift */; };
		9002044D2362C85100907AE6 /* Main.storyboard in Resources */ = {isa = PBXBuildFile; fileRef = 9002044B2362C85100907AE6 /* Main.storyboard */; };
		9002044F2362C85200907AE6 /* Assets.xcassets in Resources */ = {isa = PBXBuildFile; fileRef = 9002044E2362C85200907AE6 /* Assets.xcassets */; };
		900204522362C85200907AE6 /* LaunchScreen.storyboard in Resources */ = {isa = PBXBuildFile; fileRef = 900204502362C85200907AE6 /* LaunchScreen.storyboard */; };
		9002045D2362C85200907AE6 /* testTests.swift in Sources */ = {isa = PBXBuildFile; fileRef = 9002045C2362C85200907AE6 /* testTests.swift */; };
		900204682362C85200907AE6 /* testUITests.swift in Sources */ = {isa = PBXBuildFile; fileRef = 900204672362C85200907AE6 /* testUITests.swift */; };
		900204762362DA4B00907AE6 /* BoxView.swift in Sources */ = {isa = PBXBuildFile; fileRef = 900204752362DA4B00907AE6 /* BoxView.swift */; };
/* End PBXBuildFile section */

/* Begin PBXContainerItemProxy section */
		900204592362C85200907AE6 /* PBXContainerItemProxy */ = {
			isa = PBXContainerItemProxy;
			containerPortal = 9002043A2362C85100907AE6 /* Project object */;
			proxyType = 1;
			remoteGlobalIDString = 900204412362C85100907AE6;
			remoteInfo = test;
		};
		900204642362C85200907AE6 /* PBXContainerItemProxy */ = {
			isa = PBXContainerItemProxy;
			containerPortal = 9002043A2362C85100907AE6 /* Project object */;
			proxyType = 1;
			remoteGlobalIDString = 900204412362C85100907AE6;
			remoteInfo = test;
		};
/* End PBXContainerItemProxy section */

/* Begin PBXFileReference section */
		900204422362C85100907AE6 /* test.app */ = {isa = PBXFileReference; explicitFileType = wrapper.application; includeInIndex = 0; path = test.app; sourceTree = BUILT_PRODUCTS_DIR; };
		900204452362C85100907AE6 /* AppDelegate.swift */ = {isa = PBXFileReference; lastKnownFileType = sourcecode.swift; path = AppDelegate.swift; sourceTree = "<group>"; };
		900204472362C85100907AE6 /* SceneDelegate.swift */ = {isa = PBXFileReference; lastKnownFileType = sourcecode.swift; path = SceneDelegate.swift; sourceTree = "<group>"; };
		900204492362C85100907AE6 /* ViewController.swift */ = {isa = PBXFileReference; lastKnownFileType = sourcecode.swift; path = ViewController.swift; sourceTree = "<group>"; };
		9002044C2362C85100907AE6 /* Base */ = {isa = PBXFileReference; lastKnownFileType = file.storyboard; name = Base; path = Base.lproj/Main.storyboard; sourceTree = "<group>"; };
		9002044E2362C85200907AE6 /* Assets.xcassets */ = {isa = PBXFileReference; lastKnownFileType = folder.assetcatalog; path = Assets.xcassets; sourceTree = "<group>"; };
		900204512362C85200907AE6 /* Base */ = {isa = PBXFileReference; lastKnownFileType = file.storyboard; name = Base; path = Base.lproj/LaunchScreen.storyboard; sourceTree = "<group>"; };
		900204532362C85200907AE6 /* Info.plist */ = {isa = PBXFileReference; lastKnownFileType = text.plist.xml; path = Info.plist; sourceTree = "<group>"; };
		900204582362C85200907AE6 /* testTests.xctest */ = {isa = PBXFileReference; explicitFileType = wrapper.cfbundle; includeInIndex = 0; path = testTests.xctest; sourceTree = BUILT_PRODUCTS_DIR; };
		9002045C2362C85200907AE6 /* testTests.swift */ = {isa = PBXFileReference; lastKnownFileType = sourcecode.swift; path = testTests.swift; sourceTree = "<group>"; };
		9002045E2362C85200907AE6 /* Info.plist */ = {isa = PBXFileReference; lastKnownFileType = text.plist.xml; path = Info.plist; sourceTree = "<group>"; };
		900204632362C85200907AE6 /* testUITests.xctest */ = {isa = PBXFileReference; explicitFileType = wrapper.cfbundle; includeInIndex = 0; path = testUITests.xctest; sourceTree = BUILT_PRODUCTS_DIR; };
		900204672362C85200907AE6 /* testUITests.swift */ = {isa = PBXFileReference; lastKnownFileType = sourcecode.swift; path = testUITests.swift; sourceTree = "<group>"; };
		900204692362C85200907AE6 /* Info.plist */ = {isa = PBXFileReference; lastKnownFileType = text.plist.xml; path = Info.plist; sourceTree = "<group>"; };
		900204752362DA4B00907AE6 /* BoxView.swift */ = {isa = PBXFileReference; lastKnownFileType = sourcecode.swift; path = BoxView.swift; sourceTree = "<group>"; };
/* End PBXFileReference section */

/* Begin PBXFrameworksBuildPhase section */
		9002043F2362C85100907AE6 /* Frameworks */ = {
			isa = PBXFrameworksBuildPhase;
			buildActionMask = 2147483647;
			files = (
			);
			runOnlyForDeploymentPostprocessing = 0;
		};
		900204552362C85200907AE6 /* Frameworks */ = {
			isa = PBXFrameworksBuildPhase;
			buildActionMask = 2147483647;
			files = (
			);
			runOnlyForDeploymentPostprocessing = 0;
		};
		900204602362C85200907AE6 /* Frameworks */ = {
			isa = PBXFrameworksBuildPhase;
			buildActionMask = 2147483647;
			files = (
			);
			runOnlyForDeploymentPostprocessing = 0;
		};
/* End PBXFrameworksBuildPhase section */

/* Begin PBXGroup section */
		900204392362C85100907AE6 = {
			isa = PBXGroup;
			children = (
				900204442362C85100907AE6 /* test */,
				9002045B2362C85200907AE6 /* testTests */,
				900204662362C85200907AE6 /* testUITests */,
				900204432362C85100907AE6 /* Products */,
			);
			sourceTree = "<group>";
		};
		900204432362C85100907AE6 /* Products */ = {
			isa = PBXGroup;
			children = (
				900204422362C85100907AE6 /* test.app */,
				900204582362C85200907AE6 /* testTests.xctest */,
				900204632362C85200907AE6 /* testUITests.xctest */,
			);
			name = Products;
			sourceTree = "<group>";
		};
		900204442362C85100907AE6 /* test */ = {
			isa = PBXGroup;
			children = (
				900204452362C85100907AE6 /* AppDelegate.swift */,
				900204472362C85100907AE6 /* SceneDelegate.swift */,
				900204492362C85100907AE6 /* ViewController.swift */,
				900204752362DA4B00907AE6 /* BoxView.swift */,
				9002044B2362C85100907AE6 /* Main.storyboard */,
				9002044E2362C85200907AE6 /* Assets.xcassets */,
				900204502362C85200907AE6 /* LaunchScreen.storyboard */,
				900204532362C85200907AE6 /* Info.plist */,
			);
			path = test;
			sourceTree = "<group>";
		};
		9002045B2362C85200907AE6 /* testTests */ = {
			isa = PBXGroup;
			children = (
				9002045C2362C85200907AE6 /* testTests.swift */,
				9002045E2362C85200907AE6 /* Info.plist */,
			);
			path = testTests;
			sourceTree = "<group>";
		};
		900204662362C85200907AE6 /* testUITests */ = {
			isa = PBXGroup;
			children = (
				900204672362C85200907AE6 /* testUITests.swift */,
				900204692362C85200907AE6 /* Info.plist */,
			);
			path = testUITests;
			sourceTree = "<group>";
		};
/* End PBXGroup section */

/* Begin PBXNativeTarget section */
		900204412362C85100907AE6 /* test */ = {
			isa = PBXNativeTarget;
			buildConfigurationList = 9002046C2362C85200907AE6 /* Build configuration list for PBXNativeTarget "test" */;
			buildPhases = (
				9002043E2362C85100907AE6 /* Sources */,
				9002043F2362C85100907AE6 /* Frameworks */,
				900204402362C85100907AE6 /* Resources */,
			);
			buildRules = (
			);
			dependencies = (
			);
			name = test;
			productName = test;
			productReference = 900204422362C85100907AE6 /* test.app */;
			productType = "com.apple.product-type.application";
		};
		900204572362C85200907AE6 /* testTests */ = {
			isa = PBXNativeTarget;
			buildConfigurationList = 9002046F2362C85300907AE6 /* Build configuration list for PBXNativeTarget "testTests" */;
			buildPhases = (
				900204542362C85200907AE6 /* Sources */,
				900204552362C85200907AE6 /* Frameworks */,
				900204562362C85200907AE6 /* Resources */,
			);
			buildRules = (
			);
			dependencies = (
				9002045A2362C85200907AE6 /* PBXTargetDependency */,
			);
			name = testTests;
			productName = testTests;
			productReference = 900204582362C85200907AE6 /* testTests.xctest */;
			productType = "com.apple.product-type.bundle.unit-test";
		};
		900204622362C85200907AE6 /* testUITests */ = {
			isa = PBXNativeTarget;
			buildConfigurationList = 900204722362C85300907AE6 /* Build configuration list for PBXNativeTarget "testUITests" */;
			buildPhases = (
				9002045F2362C85200907AE6 /* Sources */,
				900204602362C85200907AE6 /* Frameworks */,
				900204612362C85200907AE6 /* Resources */,
			);
			buildRules = (
			);
			dependencies = (
				900204652362C85200907AE6 /* PBXTargetDependency */,
			);
			name = testUITests;
			productName = testUITests;
			productReference = 900204632362C85200907AE6 /* testUITests.xctest */;
			productType = "com.apple.product-type.bundle.ui-testing";
		};
/* End PBXNativeTarget section */

/* Begin PBXProject section */
		9002043A2362C85100907AE6 /* Project object */ = {
			isa = PBXProject;
			attributes = {
				LastSwiftUpdateCheck = 1110;
				LastUpgradeCheck = 1110;
				ORGANIZATIONNAME = Stanisla;
				TargetAttributes = {
					900204412362C85100907AE6 = {
						CreatedOnToolsVersion = 11.1;
					};
					900204572362C85200907AE6 = {
						CreatedOnToolsVersion = 11.1;
						TestTargetID = 900204412362C85100907AE6;
					};
					900204622362C85200907AE6 = {
						CreatedOnToolsVersion = 11.1;
						TestTargetID = 900204412362C85100907AE6;
					};
				};
			};
			buildConfigurationList = 9002043D2362C85100907AE6 /* Build configuration list for PBXProject "test" */;
			compatibilityVersion = "Xcode 9.3";
			developmentRegion = en;
			hasScannedForEncodings = 0;
			knownRegions = (
				en,
				Base,
			);
			mainGroup = 900204392362C85100907AE6;
			productRefGroup = 900204432362C85100907AE6 /* Products */;
			projectDirPath = "";
			projectRoot = "";
			targets = (
				900204412362C85100907AE6 /* test */,
				900204572362C85200907AE6 /* testTests */,
				900204622362C85200907AE6 /* testUITests */,
			);
		};
/* End PBXProject section */

/* Begin PBXResourcesBuildPhase section */
		900204402362C85100907AE6 /* Resources */ = {
			isa = PBXResourcesBuildPhase;
			buildActionMask = 2147483647;
			files = (
				900204522362C85200907AE6 /* LaunchScreen.storyboard in Resources */,
				9002044F2362C85200907AE6 /* Assets.xcassets in Resources */,
				9002044D2362C85100907AE6 /* Main.storyboard in Resources */,
			);
			runOnlyForDeploymentPostprocessing = 0;
		};
		900204562362C85200907AE6 /* Resources */ = {
			isa = PBXResourcesBuildPhase;
			buildActionMask = 2147483647;
			files = (
			);
			runOnlyForDeploymentPostprocessing = 0;
		};
		900204612362C85200907AE6 /* Resources */ = {
			isa = PBXResourcesBuildPhase;
			buildActionMask = 2147483647;
			files = (
			);
			runOnlyForDeploymentPostprocessing = 0;
		};
/* End PBXResourcesBuildPhase section */

/* Begin PBXSourcesBuildPhase section */
		9002043E2362C85100907AE6 /* Sources */ = {
			isa = PBXSourcesBuildPhase;
			buildActionMask = 2147483647;
			files = (
				900204762362DA4B00907AE6 /* BoxView.swift in Sources */,
				9002044A2362C85100907AE6 /* ViewController.swift in Sources */,
				900204462362C85100907AE6 /* AppDelegate.swift in Sources */,
				900204482362C85100907AE6 /* SceneDelegate.swift in Sources */,
			);
			runOnlyForDeploymentPostprocessing = 0;
		};
		900204542362C85200907AE6 /* Sources */ = {
			isa = PBXSourcesBuildPhase;
			buildActionMask = 2147483647;
			files = (
				9002045D2362C85200907AE6 /* testTests.swift in Sources */,
			);
			runOnlyForDeploymentPostprocessing = 0;
		};
		9002045F2362C85200907AE6 /* Sources */ = {
			isa = PBXSourcesBuildPhase;
			buildActionMask = 2147483647;
			files = (
				900204682362C85200907AE6 /* testUITests.swift in Sources */,
			);
			runOnlyForDeploymentPostprocessing = 0;
		};
/* End PBXSourcesBuildPhase section */

/* Begin PBXTargetDependency section */
		9002045A2362C85200907AE6 /* PBXTargetDependency */ = {
			isa = PBXTargetDependency;
			target = 900204412362C85100907AE6 /* test */;
			targetProxy = 900204592362C85200907AE6 /* PBXContainerItemProxy */;
		};
		900204652362C85200907AE6 /* PBXTargetDependency */ = {
			isa = PBXTargetDependency;
			target = 900204412362C85100907AE6 /* test */;
			targetProxy = 900204642362C85200907AE6 /* PBXContainerItemProxy */;
		};
/* End PBXTargetDependency section */

/* Begin PBXVariantGroup section */
		9002044B2362C85100907AE6 /* Main.storyboard */ = {
			isa = PBXVariantGroup;
			children = (
				9002044C2362C85100907AE6 /* Base */,
			);
			name = Main.storyboard;
			sourceTree = "<group>";
		};
		900204502362C85200907AE6 /* LaunchScreen.storyboard */ = {
			isa = PBXVariantGroup;
			children = (
				900204512362C85200907AE6 /* Base */,
			);
			name = LaunchScreen.storyboard;
			sourceTree = "<group>";
		};
/* End PBXVariantGroup section */

/* Begin XCBuildConfiguration section */
		9002046A2362C85200907AE6 /* Debug */ = {
			isa = XCBuildConfiguration;
			buildSettings = {
				ALWAYS_SEARCH_USER_PATHS = NO;
				CLANG_ANALYZER_NONNULL = YES;
				CLANG_ANALYZER_NUMBER_OBJECT_CONVERSION = YES_AGGRESSIVE;
				CLANG_CXX_LANGUAGE_STANDARD = "gnu++14";
				CLANG_CXX_LIBRARY = "libc++";
				CLANG_ENABLE_MODULES = YES;
				CLANG_ENABLE_OBJC_ARC = YES;
				CLANG_ENABLE_OBJC_WEAK = YES;
				CLANG_WARN_BLOCK_CAPTURE_AUTORELEASING = YES;
				CLANG_WARN_BOOL_CONVERSION = YES;
				CLANG_WARN_COMMA = YES;
				CLANG_WARN_CONSTANT_CONVERSION = YES;
				CLANG_WARN_DEPRECATED_OBJC_IMPLEMENTATIONS = YES;
				CLANG_WARN_DIRECT_OBJC_ISA_USAGE = YES_ERROR;
				CLANG_WARN_DOCUMENTATION_COMMENTS = YES;
				CLANG_WARN_EMPTY_BODY = YES;
				CLANG_WARN_ENUM_CONVERSION = YES;
				CLANG_WARN_INFINITE_RECURSION = YES;
				CLANG_WARN_INT_CONVERSION = YES;
				CLANG_WARN_NON_LITERAL_NULL_CONVERSION = YES;
				CLANG_WARN_OBJC_IMPLICIT_RETAIN_SELF = YES;
				CLANG_WARN_OBJC_LITERAL_CONVERSION = YES;
				CLANG_WARN_OBJC_ROOT_CLASS = YES_ERROR;
				CLANG_WARN_RANGE_LOOP_ANALYSIS = YES;
				CLANG_WARN_STRICT_PROTOTYPES = YES;
				CLANG_WARN_SUSPICIOUS_MOVE = YES;
				CLANG_WARN_UNGUARDED_AVAILABILITY = YES_AGGRESSIVE;
				CLANG_WARN_UNREACHABLE_CODE = YES;
				CLANG_WARN__DUPLICATE_METHOD_MATCH = YES;
				COPY_PHASE_STRIP = NO;
				DEBUG_INFORMATION_FORMAT = dwarf;
				ENABLE_STRICT_OBJC_MSGSEND = YES;
				ENABLE_TESTABILITY = YES;
				GCC_C_LANGUAGE_STANDARD = gnu11;
				GCC_DYNAMIC_NO_PIC = NO;
				GCC_NO_COMMON_BLOCKS = YES;
				GCC_OPTIMIZATION_LEVEL = 0;
				GCC_PREPROCESSOR_DEFINITIONS = (
					"DEBUG=1",
					"$(inherited)",
				);
				GCC_WARN_64_TO_32_BIT_CONVERSION = YES;
				GCC_WARN_ABOUT_RETURN_TYPE = YES_ERROR;
				GCC_WARN_UNDECLARED_SELECTOR = YES;
				GCC_WARN_UNINITIALIZED_AUTOS = YES_AGGRESSIVE;
				GCC_WARN_UNUSED_FUNCTION = YES;
				GCC_WARN_UNUSED_VARIABLE = YES;
				IPHONEOS_DEPLOYMENT_TARGET = 13.1;
				MTL_ENABLE_DEBUG_INFO = INCLUDE_SOURCE;
				MTL_FAST_MATH = YES;
				ONLY_ACTIVE_ARCH = YES;
				SDKROOT = iphoneos;
				SWIFT_ACTIVE_COMPILATION_CONDITIONS = DEBUG;
				SWIFT_OPTIMIZATION_LEVEL = "-Onone";
			};
			name = Debug;
		};
		9002046B2362C85200907AE6 /* Release */ = {
			isa = XCBuildConfiguration;
			buildSettings = {
				ALWAYS_SEARCH_USER_PATHS = NO;
				CLANG_ANALYZER_NONNULL = YES;
				CLANG_ANALYZER_NUMBER_OBJECT_CONVERSION = YES_AGGRESSIVE;
				CLANG_CXX_LANGUAGE_STANDARD = "gnu++14";
				CLANG_CXX_LIBRARY = "libc++";
				CLANG_ENABLE_MODULES = YES;
				CLANG_ENABLE_OBJC_ARC = YES;
				CLANG_ENABLE_OBJC_WEAK = YES;
				CLANG_WARN_BLOCK_CAPTURE_AUTORELEASING = YES;
				CLANG_WARN_BOOL_CONVERSION = YES;
				CLANG_WARN_COMMA = YES;
				CLANG_WARN_CONSTANT_CONVERSION = YES;
				CLANG_WARN_DEPRECATED_OBJC_IMPLEMENTATIONS = YES;
				CLANG_WARN_DIRECT_OBJC_ISA_USAGE = YES_ERROR;
				CLANG_WARN_DOCUMENTATION_COMMENTS = YES;
				CLANG_WARN_EMPTY_BODY = YES;
				CLANG_WARN_ENUM_CONVERSION = YES;
				CLANG_WARN_INFINITE_RECURSION = YES;
				CLANG_WARN_INT_CONVERSION = YES;
				CLANG_WARN_NON_LITERAL_NULL_CONVERSION = YES;
				CLANG_WARN_OBJC_IMPLICIT_RETAIN_SELF = YES;
				CLANG_WARN_OBJC_LITERAL_CONVERSION = YES;
				CLANG_WARN_OBJC_ROOT_CLASS = YES_ERROR;
				CLANG_WARN_RANGE_LOOP_ANALYSIS = YES;
				CLANG_WARN_STRICT_PROTOTYPES = YES;
				CLANG_WARN_SUSPICIOUS_MOVE = YES;
				CLANG_WARN_UNGUARDED_AVAILABILITY = YES_AGGRESSIVE;
				CLANG_WARN_UNREACHABLE_CODE = YES;
				CLANG_WARN__DUPLICATE_METHOD_MATCH = YES;
				COPY_PHASE_STRIP = NO;
				DEBUG_INFORMATION_FORMAT = "dwarf-with-dsym";
				ENABLE_NS_ASSERTIONS = NO;
				ENABLE_STRICT_OBJC_MSGSEND = YES;
				GCC_C_LANGUAGE_STANDARD = gnu11;
				GCC_NO_COMMON_BLOCKS = YES;
				GCC_WARN_64_TO_32_BIT_CONVERSION = YES;
				GCC_WARN_ABOUT_RETURN_TYPE = YES_ERROR;
				GCC_WARN_UNDECLARED_SELECTOR = YES;
				GCC_WARN_UNINITIALIZED_AUTOS = YES_AGGRESSIVE;
				GCC_WARN_UNUSED_FUNCTION = YES;
				GCC_WARN_UNUSED_VARIABLE = YES;
				IPHONEOS_DEPLOYMENT_TARGET = 13.1;
				MTL_ENABLE_DEBUG_INFO = NO;
				MTL_FAST_MATH = YES;
				SDKROOT = iphoneos;
				SWIFT_COMPILATION_MODE = wholemodule;
				SWIFT_OPTIMIZATION_LEVEL = "-O";
				VALIDATE_PRODUCT = YES;
			};
			name = Release;
		};
		9002046D2362C85300907AE6 /* Debug */ = {
			isa = XCBuildConfiguration;
			buildSettings = {
				ASSETCATALOG_COMPILER_APPICON_NAME = AppIcon;
				CODE_SIGN_STYLE = Automatic;
				INFOPLIST_FILE = test/Info.plist;
				LD_RUNPATH_SEARCH_PATHS = (
					"$(inherited)",
					"@executable_path/Frameworks",
				);
				PRODUCT_BUNDLE_IDENTIFIER = "-.test";
				PRODUCT_NAME = "$(TARGET_NAME)";
				SWIFT_VERSION = 5.0;
				TARGETED_DEVICE_FAMILY = "1,2";
			};
			name = Debug;
		};
		9002046E2362C85300907AE6 /* Release */ = {
			isa = XCBuildConfiguration;
			buildSettings = {
				ASSETCATALOG_COMPILER_APPICON_NAME = AppIcon;
				CODE_SIGN_STYLE = Automatic;
				INFOPLIST_FILE = test/Info.plist;
				LD_RUNPATH_SEARCH_PATHS = (
					"$(inherited)",
					"@executable_path/Frameworks",
				);
				PRODUCT_BUNDLE_IDENTIFIER = "-.test";
				PRODUCT_NAME = "$(TARGET_NAME)";
				SWIFT_VERSION = 5.0;
				TARGETED_DEVICE_FAMILY = "1,2";
			};
			name = Release;
		};
		900204702362C85300907AE6 /* Debug */ = {
			isa = XCBuildConfiguration;
			buildSettings = {
				ALWAYS_EMBED_SWIFT_STANDARD_LIBRARIES = YES;
				BUNDLE_LOADER = "$(TEST_HOST)";
				CODE_SIGN_STYLE = Automatic;
				INFOPLIST_FILE = testTests/Info.plist;
				IPHONEOS_DEPLOYMENT_TARGET = 13.1;
				LD_RUNPATH_SEARCH_PATHS = (
					"$(inherited)",
					"@executable_path/Frameworks",
					"@loader_path/Frameworks",
				);
				PRODUCT_BUNDLE_IDENTIFIER = "-.testTests";
				PRODUCT_NAME = "$(TARGET_NAME)";
				SWIFT_VERSION = 5.0;
				TARGETED_DEVICE_FAMILY = "1,2";
				TEST_HOST = "$(BUILT_PRODUCTS_DIR)/test.app/test";
			};
			name = Debug;
		};
		900204712362C85300907AE6 /* Release */ = {
			isa = XCBuildConfiguration;
			buildSettings = {
				ALWAYS_EMBED_SWIFT_STANDARD_LIBRARIES = YES;
				BUNDLE_LOADER = "$(TEST_HOST)";
				CODE_SIGN_STYLE = Automatic;
				INFOPLIST_FILE = testTests/Info.plist;
				IPHONEOS_DEPLOYMENT_TARGET = 13.1;
				LD_RUNPATH_SEARCH_PATHS = (
					"$(inherited)",
					"@executable_path/Frameworks",
					"@loader_path/Frameworks",
				);
				PRODUCT_BUNDLE_IDENTIFIER = "-.testTests";
				PRODUCT_NAME = "$(TARGET_NAME)";
				SWIFT_VERSION = 5.0;
				TARGETED_DEVICE_FAMILY = "1,2";
				TEST_HOST = "$(BUILT_PRODUCTS_DIR)/test.app/test";
			};
			name = Release;
		};
		900204732362C85300907AE6 /* Debug */ = {
			isa = XCBuildConfiguration;
			buildSettings = {
				ALWAYS_EMBED_SWIFT_STANDARD_LIBRARIES = YES;
				CODE_SIGN_STYLE = Automatic;
				INFOPLIST_FILE = testUITests/Info.plist;
				LD_RUNPATH_SEARCH_PATHS = (
					"$(inherited)",
					"@executable_path/Frameworks",
					"@loader_path/Frameworks",
				);
				PRODUCT_BUNDLE_IDENTIFIER = "-.testUITests";
				PRODUCT_NAME = "$(TARGET_NAME)";
				SWIFT_VERSION = 5.0;
				TARGETED_DEVICE_FAMILY = "1,2";
				TEST_TARGET_NAME = test;
			};
			name = Debug;
		};
		900204742362C85300907AE6 /* Release */ = {
			isa = XCBuildConfiguration;
			buildSettings = {
				ALWAYS_EMBED_SWIFT_STANDARD_LIBRARIES = YES;
				CODE_SIGN_STYLE = Automatic;
				INFOPLIST_FILE = testUITests/Info.plist;
				LD_RUNPATH_SEARCH_PATHS = (
					"$(inherited)",
					"@executable_path/Frameworks",
					"@loader_path/Frameworks",
				);
				PRODUCT_BUNDLE_IDENTIFIER = "-.testUITests";
				PRODUCT_NAME = "$(TARGET_NAME)";
				SWIFT_VERSION = 5.0;
				TARGETED_DEVICE_FAMILY = "1,2";
				TEST_TARGET_NAME = test;
			};
			name = Release;
		};
/* End XCBuildConfiguration section */

/* Begin XCConfigurationList section */
		9002043D2362C85100907AE6 /* Build configuration list for PBXProject "test" */ = {
			isa = XCConfigurationList;
			buildConfigurations = (
				9002046A2362C85200907AE6 /* Debug */,
				9002046B2362C85200907AE6 /* Release */,
			);
			defaultConfigurationIsVisible = 0;
			defaultConfigurationName = Release;
		};
		9002046C2362C85200907AE6 /* Build configuration list for PBXNativeTarget "test" */ = {
			isa = XCConfigurationList;
			buildConfigurations = (
				9002046D2362C85300907AE6 /* Debug */,
				9002046E2362C85300907AE6 /* Release */,
			);
			defaultConfigurationIsVisible = 0;
			defaultConfigurationName = Release;
		};
		9002046F2362C85300907AE6 /* Build configuration list for PBXNativeTarget "testTests" */ = {
			isa = XCConfigurationList;
			buildConfigurations = (
				900204702362C85300907AE6 /* Debug */,
				900204712362C85300907AE6 /* Release */,
			);
			defaultConfigurationIsVisible = 0;
			defaultConfigurationName = Release;
		};
		900204722362C85300907AE6 /* Build configuration list for PBXNativeTarget "testUITests" */ = {
			isa = XCConfigurationList;
			buildConfigurations = (
				900204732362C85300907AE6 /* Debug */,
				900204742362C85300907AE6 /* Release */,
			);
			defaultConfigurationIsVisible = 0;
			defaultConfigurationName = Release;
		};
/* End XCConfigurationList section */
	};
	rootObject = 9002043A2362C85100907AE6 /* Project object */;
}
