// !$*UTF8*$!
{
	archiveVersion = 1;
	classes = {
	};
	objectVersion = 50;
	objects = {

/* Begin PBXBuildFile section */
		491B0A9E236863AB00CF81C3 /* TableViewController.swift in Sources */ = {isa = PBXBuildFile; fileRef = 491B0A9D236863AB00CF81C3 /* TableViewController.swift */; };
		491B0AA2236881F300CF81C3 /* CountryViewController.swift in Sources */ = {isa = PBXBuildFile; fileRef = 491B0AA1236881F300CF81C3 /* CountryViewController.swift */; };
		49B8DA3423685EC800FDB6C9 /* AppDelegate.swift in Sources */ = {isa = PBXBuildFile; fileRef = 49B8DA3323685EC800FDB6C9 /* AppDelegate.swift */; };
		49B8DA3923685EC800FDB6C9 /* Main.storyboard in Resources */ = {isa = PBXBuildFile; fileRef = 49B8DA3723685EC800FDB6C9 /* Main.storyboard */; };
		49B8DA3B23685EC900FDB6C9 /* Assets.xcassets in Resources */ = {isa = PBXBuildFile; fileRef = 49B8DA3A23685EC900FDB6C9 /* Assets.xcassets */; };
		49B8DA3E23685EC900FDB6C9 /* LaunchScreen.storyboard in Resources */ = {isa = PBXBuildFile; fileRef = 49B8DA3C23685EC900FDB6C9 /* LaunchScreen.storyboard */; };
/* End PBXBuildFile section */

/* Begin PBXFileReference section */
		491B0A9D236863AB00CF81C3 /* TableViewController.swift */ = {isa = PBXFileReference; lastKnownFileType = sourcecode.swift; path = TableViewController.swift; sourceTree = "<group>"; };
		491B0AA1236881F300CF81C3 /* CountryViewController.swift */ = {isa = PBXFileReference; lastKnownFileType = sourcecode.swift; path = CountryViewController.swift; sourceTree = "<group>"; };
		49B8DA3023685EC800FDB6C9 /* task3_10.3.app */ = {isa = PBXFileReference; explicitFileType = wrapper.application; includeInIndex = 0; path = task3_10.3.app; sourceTree = BUILT_PRODUCTS_DIR; };
		49B8DA3323685EC800FDB6C9 /* AppDelegate.swift */ = {isa = PBXFileReference; lastKnownFileType = sourcecode.swift; path = AppDelegate.swift; sourceTree = "<group>"; };
		49B8DA3823685EC800FDB6C9 /* Base */ = {isa = PBXFileReference; lastKnownFileType = file.storyboard; name = Base; path = Base.lproj/Main.storyboard; sourceTree = "<group>"; };
		49B8DA3A23685EC900FDB6C9 /* Assets.xcassets */ = {isa = PBXFileReference; lastKnownFileType = folder.assetcatalog; path = Assets.xcassets; sourceTree = "<group>"; };
		49B8DA3D23685EC900FDB6C9 /* Base */ = {isa = PBXFileReference; lastKnownFileType = file.storyboard; name = Base; path = Base.lproj/LaunchScreen.storyboard; sourceTree = "<group>"; };
		49B8DA3F23685EC900FDB6C9 /* Info.plist */ = {isa = PBXFileReference; lastKnownFileType = text.plist.xml; path = Info.plist; sourceTree = "<group>"; };
/* End PBXFileReference section */

/* Begin PBXFrameworksBuildPhase section */
		49B8DA2D23685EC800FDB6C9 /* Frameworks */ = {
			isa = PBXFrameworksBuildPhase;
			buildActionMask = 2147483647;
			files = (
			);
			runOnlyForDeploymentPostprocessing = 0;
		};
/* End PBXFrameworksBuildPhase section */

/* Begin PBXGroup section */
		49B8DA2723685EC800FDB6C9 = {
			isa = PBXGroup;
			children = (
				49B8DA3223685EC800FDB6C9 /* task3_10.3 */,
				49B8DA3123685EC800FDB6C9 /* Products */,
			);
			sourceTree = "<group>";
		};
		49B8DA3123685EC800FDB6C9 /* Products */ = {
			isa = PBXGroup;
			children = (
				49B8DA3023685EC800FDB6C9 /* task3_10.3.app */,
			);
			name = Products;
			sourceTree = "<group>";
		};
		49B8DA3223685EC800FDB6C9 /* task3_10.3 */ = {
			isa = PBXGroup;
			children = (
				49B8DA3323685EC800FDB6C9 /* AppDelegate.swift */,
				491B0A9D236863AB00CF81C3 /* TableViewController.swift */,
				491B0AA1236881F300CF81C3 /* CountryViewController.swift */,
				49B8DA3723685EC800FDB6C9 /* Main.storyboard */,
				49B8DA3A23685EC900FDB6C9 /* Assets.xcassets */,
				49B8DA3C23685EC900FDB6C9 /* LaunchScreen.storyboard */,
				49B8DA3F23685EC900FDB6C9 /* Info.plist */,
			);
			path = task3_10.3;
			sourceTree = "<group>";
		};
/* End PBXGroup section */

/* Begin PBXNativeTarget section */
		49B8DA2F23685EC800FDB6C9 /* task3_10.3 */ = {
			isa = PBXNativeTarget;
			buildConfigurationList = 49B8DA4223685EC900FDB6C9 /* Build configuration list for PBXNativeTarget "task3_10.3" */;
			buildPhases = (
				49B8DA2C23685EC800FDB6C9 /* Sources */,
				49B8DA2D23685EC800FDB6C9 /* Frameworks */,
				49B8DA2E23685EC800FDB6C9 /* Resources */,
			);
			buildRules = (
			);
			dependencies = (
			);
			name = task3_10.3;
			productName = task3_10.3;
			productReference = 49B8DA3023685EC800FDB6C9 /* task3_10.3.app */;
			productType = "com.apple.product-type.application";
		};
/* End PBXNativeTarget section */

/* Begin PBXProject section */
		49B8DA2823685EC800FDB6C9 /* Project object */ = {
			isa = PBXProject;
			attributes = {
				LastSwiftUpdateCheck = 1010;
				LastUpgradeCheck = 1010;
				ORGANIZATIONNAME = "Smikun Denis";
				TargetAttributes = {
					49B8DA2F23685EC800FDB6C9 = {
						CreatedOnToolsVersion = 10.1;
					};
				};
			};
			buildConfigurationList = 49B8DA2B23685EC800FDB6C9 /* Build configuration list for PBXProject "task3_10.3" */;
			compatibilityVersion = "Xcode 9.3";
			developmentRegion = en;
			hasScannedForEncodings = 0;
			knownRegions = (
				en,
				Base,
			);
			mainGroup = 49B8DA2723685EC800FDB6C9;
			productRefGroup = 49B8DA3123685EC800FDB6C9 /* Products */;
			projectDirPath = "";
			projectRoot = "";
			targets = (
				49B8DA2F23685EC800FDB6C9 /* task3_10.3 */,
			);
		};
/* End PBXProject section */

/* Begin PBXResourcesBuildPhase section */
		49B8DA2E23685EC800FDB6C9 /* Resources */ = {
			isa = PBXResourcesBuildPhase;
			buildActionMask = 2147483647;
			files = (
				49B8DA3E23685EC900FDB6C9 /* LaunchScreen.storyboard in Resources */,
				49B8DA3B23685EC900FDB6C9 /* Assets.xcassets in Resources */,
				49B8DA3923685EC800FDB6C9 /* Main.storyboard in Resources */,
			);
			runOnlyForDeploymentPostprocessing = 0;
		};
/* End PBXResourcesBuildPhase section */

/* Begin PBXSourcesBuildPhase section */
		49B8DA2C23685EC800FDB6C9 /* Sources */ = {
			isa = PBXSourcesBuildPhase;
			buildActionMask = 2147483647;
			files = (
				491B0AA2236881F300CF81C3 /* CountryViewController.swift in Sources */,
				491B0A9E236863AB00CF81C3 /* TableViewController.swift in Sources */,
				49B8DA3423685EC800FDB6C9 /* AppDelegate.swift in Sources */,
			);
			runOnlyForDeploymentPostprocessing = 0;
		};
/* End PBXSourcesBuildPhase section */

/* Begin PBXVariantGroup section */
		49B8DA3723685EC800FDB6C9 /* Main.storyboard */ = {
			isa = PBXVariantGroup;
			children = (
				49B8DA3823685EC800FDB6C9 /* Base */,
			);
			name = Main.storyboard;
			sourceTree = "<group>";
		};
		49B8DA3C23685EC900FDB6C9 /* LaunchScreen.storyboard */ = {
			isa = PBXVariantGroup;
			children = (
				49B8DA3D23685EC900FDB6C9 /* Base */,
			);
			name = LaunchScreen.storyboard;
			sourceTree = "<group>";
		};
/* End PBXVariantGroup section */

/* Begin XCBuildConfiguration section */
		49B8DA4023685EC900FDB6C9 /* Debug */ = {
			isa = XCBuildConfiguration;
			buildSettings = {
				ALWAYS_SEARCH_USER_PATHS = NO;
				CLANG_ANALYZER_NONNULL = YES;
				CLANG_ANALYZER_NUMBER_OBJECT_CONVERSION = YES_AGGRESSIVE;
				CLANG_CXX_LANGUAGE_STANDARD = "gnu++14";
				CLANG_CXX_LIBRARY = "libc++";
				CLANG_ENABLE_MODULES = YES;
				CLANG_ENABLE_OBJC_ARC = YES;
				CLANG_ENABLE_OBJC_WEAK = YES;
				CLANG_WARN_BLOCK_CAPTURE_AUTORELEASING = YES;
				CLANG_WARN_BOOL_CONVERSION = YES;
				CLANG_WARN_COMMA = YES;
				CLANG_WARN_CONSTANT_CONVERSION = YES;
				CLANG_WARN_DEPRECATED_OBJC_IMPLEMENTATIONS = YES;
				CLANG_WARN_DIRECT_OBJC_ISA_USAGE = YES_ERROR;
				CLANG_WARN_DOCUMENTATION_COMMENTS = YES;
				CLANG_WARN_EMPTY_BODY = YES;
				CLANG_WARN_ENUM_CONVERSION = YES;
				CLANG_WARN_INFINITE_RECURSION = YES;
				CLANG_WARN_INT_CONVERSION = YES;
				CLANG_WARN_NON_LITERAL_NULL_CONVERSION = YES;
				CLANG_WARN_OBJC_IMPLICIT_RETAIN_SELF = YES;
				CLANG_WARN_OBJC_LITERAL_CONVERSION = YES;
				CLANG_WARN_OBJC_ROOT_CLASS = YES_ERROR;
				CLANG_WARN_RANGE_LOOP_ANALYSIS = YES;
				CLANG_WARN_STRICT_PROTOTYPES = YES;
				CLANG_WARN_SUSPICIOUS_MOVE = YES;
				CLANG_WARN_UNGUARDED_AVAILABILITY = YES_AGGRESSIVE;
				CLANG_WARN_UNREACHABLE_CODE = YES;
				CLANG_WARN__DUPLICATE_METHOD_MATCH = YES;
				CODE_SIGN_IDENTITY = "iPhone Developer";
				COPY_PHASE_STRIP = NO;
				DEBUG_INFORMATION_FORMAT = dwarf;
				ENABLE_STRICT_OBJC_MSGSEND = YES;
				ENABLE_TESTABILITY = YES;
				GCC_C_LANGUAGE_STANDARD = gnu11;
				GCC_DYNAMIC_NO_PIC = NO;
				GCC_NO_COMMON_BLOCKS = YES;
				GCC_OPTIMIZATION_LEVEL = 0;
				GCC_PREPROCESSOR_DEFINITIONS = (
					"DEBUG=1",
					"$(inherited)",
				);
				GCC_WARN_64_TO_32_BIT_CONVERSION = YES;
				GCC_WARN_ABOUT_RETURN_TYPE = YES_ERROR;
				GCC_WARN_UNDECLARED_SELECTOR = YES;
				GCC_WARN_UNINITIALIZED_AUTOS = YES_AGGRESSIVE;
				GCC_WARN_UNUSED_FUNCTION = YES;
				GCC_WARN_UNUSED_VARIABLE = YES;
				IPHONEOS_DEPLOYMENT_TARGET = 10.3;
				MTL_ENABLE_DEBUG_INFO = INCLUDE_SOURCE;
				MTL_FAST_MATH = YES;
				ONLY_ACTIVE_ARCH = YES;
				SDKROOT = iphoneos;
				SWIFT_ACTIVE_COMPILATION_CONDITIONS = DEBUG;
				SWIFT_OPTIMIZATION_LEVEL = "-Onone";
			};
			name = Debug;
		};
		49B8DA4123685EC900FDB6C9 /* Release */ = {
			isa = XCBuildConfiguration;
			buildSettings = {
				ALWAYS_SEARCH_USER_PATHS = NO;
				CLANG_ANALYZER_NONNULL = YES;
				CLANG_ANALYZER_NUMBER_OBJECT_CONVERSION = YES_AGGRESSIVE;
				CLANG_CXX_LANGUAGE_STANDARD = "gnu++14";
				CLANG_CXX_LIBRARY = "libc++";
				CLANG_ENABLE_MODULES = YES;
				CLANG_ENABLE_OBJC_ARC = YES;
				CLANG_ENABLE_OBJC_WEAK = YES;
				CLANG_WARN_BLOCK_CAPTURE_AUTORELEASING = YES;
				CLANG_WARN_BOOL_CONVERSION = YES;
				CLANG_WARN_COMMA = YES;
				CLANG_WARN_CONSTANT_CONVERSION = YES;
				CLANG_WARN_DEPRECATED_OBJC_IMPLEMENTATIONS = YES;
				CLANG_WARN_DIRECT_OBJC_ISA_USAGE = YES_ERROR;
				CLANG_WARN_DOCUMENTATION_COMMENTS = YES;
				CLANG_WARN_EMPTY_BODY = YES;
				CLANG_WARN_ENUM_CONVERSION = YES;
				CLANG_WARN_INFINITE_RECURSION = YES;
				CLANG_WARN_INT_CONVERSION = YES;
				CLANG_WARN_NON_LITERAL_NULL_CONVERSION = YES;
				CLANG_WARN_OBJC_IMPLICIT_RETAIN_SELF = YES;
				CLANG_WARN_OBJC_LITERAL_CONVERSION = YES;
				CLANG_WARN_OBJC_ROOT_CLASS = YES_ERROR;
				CLANG_WARN_RANGE_LOOP_ANALYSIS = YES;
				CLANG_WARN_STRICT_PROTOTYPES = YES;
				CLANG_WARN_SUSPICIOUS_MOVE = YES;
				CLANG_WARN_UNGUARDED_AVAILABILITY = YES_AGGRESSIVE;
				CLANG_WARN_UNREACHABLE_CODE = YES;
				CLANG_WARN__DUPLICATE_METHOD_MATCH = YES;
				CODE_SIGN_IDENTITY = "iPhone Developer";
				COPY_PHASE_STRIP = NO;
				DEBUG_INFORMATION_FORMAT = "dwarf-with-dsym";
				ENABLE_NS_ASSERTIONS = NO;
				ENABLE_STRICT_OBJC_MSGSEND = YES;
				GCC_C_LANGUAGE_STANDARD = gnu11;
				GCC_NO_COMMON_BLOCKS = YES;
				GCC_WARN_64_TO_32_BIT_CONVERSION = YES;
				GCC_WARN_ABOUT_RETURN_TYPE = YES_ERROR;
				GCC_WARN_UNDECLARED_SELECTOR = YES;
				GCC_WARN_UNINITIALIZED_AUTOS = YES_AGGRESSIVE;
				GCC_WARN_UNUSED_FUNCTION = YES;
				GCC_WARN_UNUSED_VARIABLE = YES;
				IPHONEOS_DEPLOYMENT_TARGET = 10.3;
				MTL_ENABLE_DEBUG_INFO = NO;
				MTL_FAST_MATH = YES;
				SDKROOT = iphoneos;
				SWIFT_COMPILATION_MODE = wholemodule;
				SWIFT_OPTIMIZATION_LEVEL = "-O";
				VALIDATE_PRODUCT = YES;
			};
			name = Release;
		};
		49B8DA4323685EC900FDB6C9 /* Debug */ = {
			isa = XCBuildConfiguration;
			buildSettings = {
				ASSETCATALOG_COMPILER_APPICON_NAME = AppIcon;
				CODE_SIGN_STYLE = Automatic;
				DEVELOPMENT_TEAM = 7X2W65588E;
				INFOPLIST_FILE = task3_10.3/Info.plist;
				IPHONEOS_DEPLOYMENT_TARGET = 10.3;
				LD_RUNPATH_SEARCH_PATHS = (
					"$(inherited)",
					"@executable_path/Frameworks",
				);
				PRODUCT_BUNDLE_IDENTIFIER = "com.smikun.task3-10-3";
				PRODUCT_NAME = "$(TARGET_NAME)";
				SWIFT_VERSION = 4.2;
				TARGETED_DEVICE_FAMILY = "1,2";
			};
			name = Debug;
		};
		49B8DA4423685EC900FDB6C9 /* Release */ = {
			isa = XCBuildConfiguration;
			buildSettings = {
				ASSETCATALOG_COMPILER_APPICON_NAME = AppIcon;
				CODE_SIGN_STYLE = Automatic;
				DEVELOPMENT_TEAM = 7X2W65588E;
				INFOPLIST_FILE = task3_10.3/Info.plist;
				IPHONEOS_DEPLOYMENT_TARGET = 10.3;
				LD_RUNPATH_SEARCH_PATHS = (
					"$(inherited)",
					"@executable_path/Frameworks",
				);
				PRODUCT_BUNDLE_IDENTIFIER = "com.smikun.task3-10-3";
				PRODUCT_NAME = "$(TARGET_NAME)";
				SWIFT_VERSION = 4.2;
				TARGETED_DEVICE_FAMILY = "1,2";
			};
			name = Release;
		};
/* End XCBuildConfiguration section */

/* Begin XCConfigurationList section */
		49B8DA2B23685EC800FDB6C9 /* Build configuration list for PBXProject "task3_10.3" */ = {
			isa = XCConfigurationList;
			buildConfigurations = (
				49B8DA4023685EC900FDB6C9 /* Debug */,
				49B8DA4123685EC900FDB6C9 /* Release */,
			);
			defaultConfigurationIsVisible = 0;
			defaultConfigurationName = Release;
		};
		49B8DA4223685EC900FDB6C9 /* Build configuration list for PBXNativeTarget "task3_10.3" */ = {
			isa = XCConfigurationList;
			buildConfigurations = (
				49B8DA4323685EC900FDB6C9 /* Debug */,
				49B8DA4423685EC900FDB6C9 /* Release */,
			);
			defaultConfigurationIsVisible = 0;
			defaultConfigurationName = Release;
		};
/* End XCConfigurationList section */
	};
	rootObject = 49B8DA2823685EC800FDB6C9 /* Project object */;
}
