// !$*UTF8*$!
{
	archiveVersion = 1;
	classes = {
	};
	objectVersion = 50;
	objects = {

/* Begin PBXBuildFile section */
		85CF93D0237A0EAA008700C7 /* TableViewController.swift in Sources */ = {isa = PBXBuildFile; fileRef = 85CF93CF237A0EAA008700C7 /* TableViewController.swift */; };
		85F72D972379CBBA00CA385E /* AppDelegate.swift in Sources */ = {isa = PBXBuildFile; fileRef = 85F72D962379CBBA00CA385E /* AppDelegate.swift */; };
		85F72D992379CBBA00CA385E /* FolderViewController.swift in Sources */ = {isa = PBXBuildFile; fileRef = 85F72D982379CBBA00CA385E /* FolderViewController.swift */; };
		85F72D9C2379CBBA00CA385E /* Main.storyboard in Resources */ = {isa = PBXBuildFile; fileRef = 85F72D9A2379CBBA00CA385E /* Main.storyboard */; };
		85F72D9F2379CBBA00CA385E /* task5.xcdatamodeld in Sources */ = {isa = PBXBuildFile; fileRef = 85F72D9D2379CBBA00CA385E /* task5.xcdatamodeld */; };
		85F72DA12379CBBD00CA385E /* Assets.xcassets in Resources */ = {isa = PBXBuildFile; fileRef = 85F72DA02379CBBD00CA385E /* Assets.xcassets */; };
		85F72DA42379CBBD00CA385E /* LaunchScreen.storyboard in Resources */ = {isa = PBXBuildFile; fileRef = 85F72DA22379CBBD00CA385E /* LaunchScreen.storyboard */; };
		85F72DAF2379CBBE00CA385E /* task5Tests.swift in Sources */ = {isa = PBXBuildFile; fileRef = 85F72DAE2379CBBE00CA385E /* task5Tests.swift */; };
		85F72DBA2379CBBE00CA385E /* task5UITests.swift in Sources */ = {isa = PBXBuildFile; fileRef = 85F72DB92379CBBE00CA385E /* task5UITests.swift */; };
/* End PBXBuildFile section */

/* Begin PBXContainerItemProxy section */
		85F72DAB2379CBBE00CA385E /* PBXContainerItemProxy */ = {
			isa = PBXContainerItemProxy;
			containerPortal = 85F72D8B2379CBBA00CA385E /* Project object */;
			proxyType = 1;
			remoteGlobalIDString = 85F72D922379CBBA00CA385E;
			remoteInfo = task5;
		};
		85F72DB62379CBBE00CA385E /* PBXContainerItemProxy */ = {
			isa = PBXContainerItemProxy;
			containerPortal = 85F72D8B2379CBBA00CA385E /* Project object */;
			proxyType = 1;
			remoteGlobalIDString = 85F72D922379CBBA00CA385E;
			remoteInfo = task5;
		};
/* End PBXContainerItemProxy section */

/* Begin PBXFileReference section */
		85CF93CF237A0EAA008700C7 /* TableViewController.swift */ = {isa = PBXFileReference; lastKnownFileType = sourcecode.swift; path = TableViewController.swift; sourceTree = "<group>"; };
		85F72D932379CBBA00CA385E /* task5.app */ = {isa = PBXFileReference; explicitFileType = wrapper.application; includeInIndex = 0; path = task5.app; sourceTree = BUILT_PRODUCTS_DIR; };
		85F72D962379CBBA00CA385E /* AppDelegate.swift */ = {isa = PBXFileReference; lastKnownFileType = sourcecode.swift; path = AppDelegate.swift; sourceTree = "<group>"; };
		85F72D982379CBBA00CA385E /* FolderViewController.swift */ = {isa = PBXFileReference; lastKnownFileType = sourcecode.swift; path = FolderViewController.swift; sourceTree = "<group>"; };
		85F72D9B2379CBBA00CA385E /* Base */ = {isa = PBXFileReference; lastKnownFileType = file.storyboard; name = Base; path = Base.lproj/Main.storyboard; sourceTree = "<group>"; };
		85F72D9E2379CBBA00CA385E /* task5.xcdatamodel */ = {isa = PBXFileReference; lastKnownFileType = wrapper.xcdatamodel; path = task5.xcdatamodel; sourceTree = "<group>"; };
		85F72DA02379CBBD00CA385E /* Assets.xcassets */ = {isa = PBXFileReference; lastKnownFileType = folder.assetcatalog; path = Assets.xcassets; sourceTree = "<group>"; };
		85F72DA32379CBBD00CA385E /* Base */ = {isa = PBXFileReference; lastKnownFileType = file.storyboard; name = Base; path = Base.lproj/LaunchScreen.storyboard; sourceTree = "<group>"; };
		85F72DA52379CBBD00CA385E /* Info.plist */ = {isa = PBXFileReference; lastKnownFileType = text.plist.xml; path = Info.plist; sourceTree = "<group>"; };
		85F72DAA2379CBBE00CA385E /* task5Tests.xctest */ = {isa = PBXFileReference; explicitFileType = wrapper.cfbundle; includeInIndex = 0; path = task5Tests.xctest; sourceTree = BUILT_PRODUCTS_DIR; };
		85F72DAE2379CBBE00CA385E /* task5Tests.swift */ = {isa = PBXFileReference; lastKnownFileType = sourcecode.swift; path = task5Tests.swift; sourceTree = "<group>"; };
		85F72DB02379CBBE00CA385E /* Info.plist */ = {isa = PBXFileReference; lastKnownFileType = text.plist.xml; path = Info.plist; sourceTree = "<group>"; };
		85F72DB52379CBBE00CA385E /* task5UITests.xctest */ = {isa = PBXFileReference; explicitFileType = wrapper.cfbundle; includeInIndex = 0; path = task5UITests.xctest; sourceTree = BUILT_PRODUCTS_DIR; };
		85F72DB92379CBBE00CA385E /* task5UITests.swift */ = {isa = PBXFileReference; lastKnownFileType = sourcecode.swift; path = task5UITests.swift; sourceTree = "<group>"; };
		85F72DBB2379CBBE00CA385E /* Info.plist */ = {isa = PBXFileReference; lastKnownFileType = text.plist.xml; path = Info.plist; sourceTree = "<group>"; };
/* End PBXFileReference section */

/* Begin PBXFrameworksBuildPhase section */
		85F72D902379CBBA00CA385E /* Frameworks */ = {
			isa = PBXFrameworksBuildPhase;
			buildActionMask = 2147483647;
			files = (
			);
			runOnlyForDeploymentPostprocessing = 0;
		};
		85F72DA72379CBBD00CA385E /* Frameworks */ = {
			isa = PBXFrameworksBuildPhase;
			buildActionMask = 2147483647;
			files = (
			);
			runOnlyForDeploymentPostprocessing = 0;
		};
		85F72DB22379CBBE00CA385E /* Frameworks */ = {
			isa = PBXFrameworksBuildPhase;
			buildActionMask = 2147483647;
			files = (
			);
			runOnlyForDeploymentPostprocessing = 0;
		};
/* End PBXFrameworksBuildPhase section */

/* Begin PBXGroup section */
		85F72D8A2379CBBA00CA385E = {
			isa = PBXGroup;
			children = (
				85F72D952379CBBA00CA385E /* task5 */,
				85F72DAD2379CBBE00CA385E /* task5Tests */,
				85F72DB82379CBBE00CA385E /* task5UITests */,
				85F72D942379CBBA00CA385E /* Products */,
			);
			sourceTree = "<group>";
		};
		85F72D942379CBBA00CA385E /* Products */ = {
			isa = PBXGroup;
			children = (
				85F72D932379CBBA00CA385E /* task5.app */,
				85F72DAA2379CBBE00CA385E /* task5Tests.xctest */,
				85F72DB52379CBBE00CA385E /* task5UITests.xctest */,
			);
			name = Products;
			sourceTree = "<group>";
		};
		85F72D952379CBBA00CA385E /* task5 */ = {
			isa = PBXGroup;
			children = (
				85F72D962379CBBA00CA385E /* AppDelegate.swift */,
				85CF93CF237A0EAA008700C7 /* TableViewController.swift */,
				85F72D982379CBBA00CA385E /* FolderViewController.swift */,
				85F72D9A2379CBBA00CA385E /* Main.storyboard */,
				85F72DA02379CBBD00CA385E /* Assets.xcassets */,
				85F72DA22379CBBD00CA385E /* LaunchScreen.storyboard */,
				85F72DA52379CBBD00CA385E /* Info.plist */,
				85F72D9D2379CBBA00CA385E /* task5.xcdatamodeld */,
			);
			path = task5;
			sourceTree = "<group>";
		};
		85F72DAD2379CBBE00CA385E /* task5Tests */ = {
			isa = PBXGroup;
			children = (
				85F72DAE2379CBBE00CA385E /* task5Tests.swift */,
				85F72DB02379CBBE00CA385E /* Info.plist */,
			);
			path = task5Tests;
			sourceTree = "<group>";
		};
		85F72DB82379CBBE00CA385E /* task5UITests */ = {
			isa = PBXGroup;
			children = (
				85F72DB92379CBBE00CA385E /* task5UITests.swift */,
				85F72DBB2379CBBE00CA385E /* Info.plist */,
			);
			path = task5UITests;
			sourceTree = "<group>";
		};
/* End PBXGroup section */

/* Begin PBXNativeTarget section */
		85F72D922379CBBA00CA385E /* task5 */ = {
			isa = PBXNativeTarget;
			buildConfigurationList = 85F72DBE2379CBBE00CA385E /* Build configuration list for PBXNativeTarget "task5" */;
			buildPhases = (
				85F72D8F2379CBBA00CA385E /* Sources */,
				85F72D902379CBBA00CA385E /* Frameworks */,
				85F72D912379CBBA00CA385E /* Resources */,
			);
			buildRules = (
			);
			dependencies = (
			);
			name = task5;
			productName = task5;
			productReference = 85F72D932379CBBA00CA385E /* task5.app */;
			productType = "com.apple.product-type.application";
		};
		85F72DA92379CBBD00CA385E /* task5Tests */ = {
			isa = PBXNativeTarget;
			buildConfigurationList = 85F72DC12379CBBE00CA385E /* Build configuration list for PBXNativeTarget "task5Tests" */;
			buildPhases = (
				85F72DA62379CBBD00CA385E /* Sources */,
				85F72DA72379CBBD00CA385E /* Frameworks */,
				85F72DA82379CBBD00CA385E /* Resources */,
			);
			buildRules = (
			);
			dependencies = (
				85F72DAC2379CBBE00CA385E /* PBXTargetDependency */,
			);
			name = task5Tests;
			productName = task5Tests;
			productReference = 85F72DAA2379CBBE00CA385E /* task5Tests.xctest */;
			productType = "com.apple.product-type.bundle.unit-test";
		};
		85F72DB42379CBBE00CA385E /* task5UITests */ = {
			isa = PBXNativeTarget;
			buildConfigurationList = 85F72DC42379CBBE00CA385E /* Build configuration list for PBXNativeTarget "task5UITests" */;
			buildPhases = (
				85F72DB12379CBBE00CA385E /* Sources */,
				85F72DB22379CBBE00CA385E /* Frameworks */,
				85F72DB32379CBBE00CA385E /* Resources */,
			);
			buildRules = (
			);
			dependencies = (
				85F72DB72379CBBE00CA385E /* PBXTargetDependency */,
			);
			name = task5UITests;
			productName = task5UITests;
			productReference = 85F72DB52379CBBE00CA385E /* task5UITests.xctest */;
			productType = "com.apple.product-type.bundle.ui-testing";
		};
/* End PBXNativeTarget section */

/* Begin PBXProject section */
		85F72D8B2379CBBA00CA385E /* Project object */ = {
			isa = PBXProject;
			attributes = {
				LastSwiftUpdateCheck = 1010;
				LastUpgradeCheck = 1010;
				ORGANIZATIONNAME = Stanislav;
				TargetAttributes = {
					85F72D922379CBBA00CA385E = {
						CreatedOnToolsVersion = 10.1;
					};
					85F72DA92379CBBD00CA385E = {
						CreatedOnToolsVersion = 10.1;
						TestTargetID = 85F72D922379CBBA00CA385E;
					};
					85F72DB42379CBBE00CA385E = {
						CreatedOnToolsVersion = 10.1;
						TestTargetID = 85F72D922379CBBA00CA385E;
					};
				};
			};
			buildConfigurationList = 85F72D8E2379CBBA00CA385E /* Build configuration list for PBXProject "task5" */;
			compatibilityVersion = "Xcode 9.3";
			developmentRegion = en;
			hasScannedForEncodings = 0;
			knownRegions = (
				en,
				Base,
			);
			mainGroup = 85F72D8A2379CBBA00CA385E;
			productRefGroup = 85F72D942379CBBA00CA385E /* Products */;
			projectDirPath = "";
			projectRoot = "";
			targets = (
				85F72D922379CBBA00CA385E /* task5 */,
				85F72DA92379CBBD00CA385E /* task5Tests */,
				85F72DB42379CBBE00CA385E /* task5UITests */,
			);
		};
/* End PBXProject section */

/* Begin PBXResourcesBuildPhase section */
		85F72D912379CBBA00CA385E /* Resources */ = {
			isa = PBXResourcesBuildPhase;
			buildActionMask = 2147483647;
			files = (
				85F72DA42379CBBD00CA385E /* LaunchScreen.storyboard in Resources */,
				85F72DA12379CBBD00CA385E /* Assets.xcassets in Resources */,
				85F72D9C2379CBBA00CA385E /* Main.storyboard in Resources */,
			);
			runOnlyForDeploymentPostprocessing = 0;
		};
		85F72DA82379CBBD00CA385E /* Resources */ = {
			isa = PBXResourcesBuildPhase;
			buildActionMask = 2147483647;
			files = (
			);
			runOnlyForDeploymentPostprocessing = 0;
		};
		85F72DB32379CBBE00CA385E /* Resources */ = {
			isa = PBXResourcesBuildPhase;
			buildActionMask = 2147483647;
			files = (
			);
			runOnlyForDeploymentPostprocessing = 0;
		};
/* End PBXResourcesBuildPhase section */

/* Begin PBXSourcesBuildPhase section */
		85F72D8F2379CBBA00CA385E /* Sources */ = {
			isa = PBXSourcesBuildPhase;
			buildActionMask = 2147483647;
			files = (
				85F72D992379CBBA00CA385E /* FolderViewController.swift in Sources */,
				85F72D9F2379CBBA00CA385E /* task5.xcdatamodeld in Sources */,
				85F72D972379CBBA00CA385E /* AppDelegate.swift in Sources */,
				85CF93D0237A0EAA008700C7 /* TableViewController.swift in Sources */,
			);
			runOnlyForDeploymentPostprocessing = 0;
		};
		85F72DA62379CBBD00CA385E /* Sources */ = {
			isa = PBXSourcesBuildPhase;
			buildActionMask = 2147483647;
			files = (
				85F72DAF2379CBBE00CA385E /* task5Tests.swift in Sources */,
			);
			runOnlyForDeploymentPostprocessing = 0;
		};
		85F72DB12379CBBE00CA385E /* Sources */ = {
			isa = PBXSourcesBuildPhase;
			buildActionMask = 2147483647;
			files = (
				85F72DBA2379CBBE00CA385E /* task5UITests.swift in Sources */,
			);
			runOnlyForDeploymentPostprocessing = 0;
		};
/* End PBXSourcesBuildPhase section */

/* Begin PBXTargetDependency section */
		85F72DAC2379CBBE00CA385E /* PBXTargetDependency */ = {
			isa = PBXTargetDependency;
			target = 85F72D922379CBBA00CA385E /* task5 */;
			targetProxy = 85F72DAB2379CBBE00CA385E /* PBXContainerItemProxy */;
		};
		85F72DB72379CBBE00CA385E /* PBXTargetDependency */ = {
			isa = PBXTargetDependency;
			target = 85F72D922379CBBA00CA385E /* task5 */;
			targetProxy = 85F72DB62379CBBE00CA385E /* PBXContainerItemProxy */;
		};
/* End PBXTargetDependency section */

/* Begin PBXVariantGroup section */
		85F72D9A2379CBBA00CA385E /* Main.storyboard */ = {
			isa = PBXVariantGroup;
			children = (
				85F72D9B2379CBBA00CA385E /* Base */,
			);
			name = Main.storyboard;
			sourceTree = "<group>";
		};
		85F72DA22379CBBD00CA385E /* LaunchScreen.storyboard */ = {
			isa = PBXVariantGroup;
			children = (
				85F72DA32379CBBD00CA385E /* Base */,
			);
			name = LaunchScreen.storyboard;
			sourceTree = "<group>";
		};
/* End PBXVariantGroup section */

/* Begin XCBuildConfiguration section */
		85F72DBC2379CBBE00CA385E /* Debug */ = {
			isa = XCBuildConfiguration;
			buildSettings = {
				ALWAYS_SEARCH_USER_PATHS = NO;
				CLANG_ANALYZER_NONNULL = YES;
				CLANG_ANALYZER_NUMBER_OBJECT_CONVERSION = YES_AGGRESSIVE;
				CLANG_CXX_LANGUAGE_STANDARD = "gnu++14";
				CLANG_CXX_LIBRARY = "libc++";
				CLANG_ENABLE_MODULES = YES;
				CLANG_ENABLE_OBJC_ARC = YES;
				CLANG_ENABLE_OBJC_WEAK = YES;
				CLANG_WARN_BLOCK_CAPTURE_AUTORELEASING = YES;
				CLANG_WARN_BOOL_CONVERSION = YES;
				CLANG_WARN_COMMA = YES;
				CLANG_WARN_CONSTANT_CONVERSION = YES;
				CLANG_WARN_DEPRECATED_OBJC_IMPLEMENTATIONS = YES;
				CLANG_WARN_DIRECT_OBJC_ISA_USAGE = YES_ERROR;
				CLANG_WARN_DOCUMENTATION_COMMENTS = YES;
				CLANG_WARN_EMPTY_BODY = YES;
				CLANG_WARN_ENUM_CONVERSION = YES;
				CLANG_WARN_INFINITE_RECURSION = YES;
				CLANG_WARN_INT_CONVERSION = YES;
				CLANG_WARN_NON_LITERAL_NULL_CONVERSION = YES;
				CLANG_WARN_OBJC_IMPLICIT_RETAIN_SELF = YES;
				CLANG_WARN_OBJC_LITERAL_CONVERSION = YES;
				CLANG_WARN_OBJC_ROOT_CLASS = YES_ERROR;
				CLANG_WARN_RANGE_LOOP_ANALYSIS = YES;
				CLANG_WARN_STRICT_PROTOTYPES = YES;
				CLANG_WARN_SUSPICIOUS_MOVE = YES;
				CLANG_WARN_UNGUARDED_AVAILABILITY = YES_AGGRESSIVE;
				CLANG_WARN_UNREACHABLE_CODE = YES;
				CLANG_WARN__DUPLICATE_METHOD_MATCH = YES;
				CODE_SIGN_IDENTITY = "iPhone Developer";
				COPY_PHASE_STRIP = NO;
				DEBUG_INFORMATION_FORMAT = dwarf;
				ENABLE_STRICT_OBJC_MSGSEND = YES;
				ENABLE_TESTABILITY = YES;
				GCC_C_LANGUAGE_STANDARD = gnu11;
				GCC_DYNAMIC_NO_PIC = NO;
				GCC_NO_COMMON_BLOCKS = YES;
				GCC_OPTIMIZATION_LEVEL = 0;
				GCC_PREPROCESSOR_DEFINITIONS = (
					"DEBUG=1",
					"$(inherited)",
				);
				GCC_WARN_64_TO_32_BIT_CONVERSION = YES;
				GCC_WARN_ABOUT_RETURN_TYPE = YES_ERROR;
				GCC_WARN_UNDECLARED_SELECTOR = YES;
				GCC_WARN_UNINITIALIZED_AUTOS = YES_AGGRESSIVE;
				GCC_WARN_UNUSED_FUNCTION = YES;
				GCC_WARN_UNUSED_VARIABLE = YES;
				IPHONEOS_DEPLOYMENT_TARGET = 12.1;
				MTL_ENABLE_DEBUG_INFO = INCLUDE_SOURCE;
				MTL_FAST_MATH = YES;
				ONLY_ACTIVE_ARCH = YES;
				SDKROOT = iphoneos;
				SWIFT_ACTIVE_COMPILATION_CONDITIONS = DEBUG;
				SWIFT_OPTIMIZATION_LEVEL = "-Onone";
			};
			name = Debug;
		};
		85F72DBD2379CBBE00CA385E /* Release */ = {
			isa = XCBuildConfiguration;
			buildSettings = {
				ALWAYS_SEARCH_USER_PATHS = NO;
				CLANG_ANALYZER_NONNULL = YES;
				CLANG_ANALYZER_NUMBER_OBJECT_CONVERSION = YES_AGGRESSIVE;
				CLANG_CXX_LANGUAGE_STANDARD = "gnu++14";
				CLANG_CXX_LIBRARY = "libc++";
				CLANG_ENABLE_MODULES = YES;
				CLANG_ENABLE_OBJC_ARC = YES;
				CLANG_ENABLE_OBJC_WEAK = YES;
				CLANG_WARN_BLOCK_CAPTURE_AUTORELEASING = YES;
				CLANG_WARN_BOOL_CONVERSION = YES;
				CLANG_WARN_COMMA = YES;
				CLANG_WARN_CONSTANT_CONVERSION = YES;
				CLANG_WARN_DEPRECATED_OBJC_IMPLEMENTATIONS = YES;
				CLANG_WARN_DIRECT_OBJC_ISA_USAGE = YES_ERROR;
				CLANG_WARN_DOCUMENTATION_COMMENTS = YES;
				CLANG_WARN_EMPTY_BODY = YES;
				CLANG_WARN_ENUM_CONVERSION = YES;
				CLANG_WARN_INFINITE_RECURSION = YES;
				CLANG_WARN_INT_CONVERSION = YES;
				CLANG_WARN_NON_LITERAL_NULL_CONVERSION = YES;
				CLANG_WARN_OBJC_IMPLICIT_RETAIN_SELF = YES;
				CLANG_WARN_OBJC_LITERAL_CONVERSION = YES;
				CLANG_WARN_OBJC_ROOT_CLASS = YES_ERROR;
				CLANG_WARN_RANGE_LOOP_ANALYSIS = YES;
				CLANG_WARN_STRICT_PROTOTYPES = YES;
				CLANG_WARN_SUSPICIOUS_MOVE = YES;
				CLANG_WARN_UNGUARDED_AVAILABILITY = YES_AGGRESSIVE;
				CLANG_WARN_UNREACHABLE_CODE = YES;
				CLANG_WARN__DUPLICATE_METHOD_MATCH = YES;
				CODE_SIGN_IDENTITY = "iPhone Developer";
				COPY_PHASE_STRIP = NO;
				DEBUG_INFORMATION_FORMAT = "dwarf-with-dsym";
				ENABLE_NS_ASSERTIONS = NO;
				ENABLE_STRICT_OBJC_MSGSEND = YES;
				GCC_C_LANGUAGE_STANDARD = gnu11;
				GCC_NO_COMMON_BLOCKS = YES;
				GCC_WARN_64_TO_32_BIT_CONVERSION = YES;
				GCC_WARN_ABOUT_RETURN_TYPE = YES_ERROR;
				GCC_WARN_UNDECLARED_SELECTOR = YES;
				GCC_WARN_UNINITIALIZED_AUTOS = YES_AGGRESSIVE;
				GCC_WARN_UNUSED_FUNCTION = YES;
				GCC_WARN_UNUSED_VARIABLE = YES;
				IPHONEOS_DEPLOYMENT_TARGET = 12.1;
				MTL_ENABLE_DEBUG_INFO = NO;
				MTL_FAST_MATH = YES;
				SDKROOT = iphoneos;
				SWIFT_COMPILATION_MODE = wholemodule;
				SWIFT_OPTIMIZATION_LEVEL = "-O";
				VALIDATE_PRODUCT = YES;
			};
			name = Release;
		};
		85F72DBF2379CBBE00CA385E /* Debug */ = {
			isa = XCBuildConfiguration;
			buildSettings = {
				ASSETCATALOG_COMPILER_APPICON_NAME = AppIcon;
				CODE_SIGN_STYLE = Automatic;
				DEVELOPMENT_TEAM = 6S82TSHRGB;
				INFOPLIST_FILE = task5/Info.plist;
				IPHONEOS_DEPLOYMENT_TARGET = 10.3;
				LD_RUNPATH_SEARCH_PATHS = (
					"$(inherited)",
					"@executable_path/Frameworks",
				);
				PRODUCT_BUNDLE_IDENTIFIER = myTeam.task5;
				PRODUCT_NAME = "$(TARGET_NAME)";
				SWIFT_VERSION = 4.2;
				TARGETED_DEVICE_FAMILY = "1,2";
			};
			name = Debug;
		};
		85F72DC02379CBBE00CA385E /* Release */ = {
			isa = XCBuildConfiguration;
			buildSettings = {
				ASSETCATALOG_COMPILER_APPICON_NAME = AppIcon;
				CODE_SIGN_STYLE = Automatic;
				DEVELOPMENT_TEAM = 6S82TSHRGB;
				INFOPLIST_FILE = task5/Info.plist;
				IPHONEOS_DEPLOYMENT_TARGET = 10.3;
				LD_RUNPATH_SEARCH_PATHS = (
					"$(inherited)",
					"@executable_path/Frameworks",
				);
				PRODUCT_BUNDLE_IDENTIFIER = myTeam.task5;
				PRODUCT_NAME = "$(TARGET_NAME)";
				SWIFT_VERSION = 4.2;
				TARGETED_DEVICE_FAMILY = "1,2";
			};
			name = Release;
		};
		85F72DC22379CBBE00CA385E /* Debug */ = {
			isa = XCBuildConfiguration;
			buildSettings = {
				ALWAYS_EMBED_SWIFT_STANDARD_LIBRARIES = YES;
				BUNDLE_LOADER = "$(TEST_HOST)";
				CODE_SIGN_STYLE = Automatic;
				DEVELOPMENT_TEAM = 6S82TSHRGB;
				INFOPLIST_FILE = task5Tests/Info.plist;
				LD_RUNPATH_SEARCH_PATHS = (
					"$(inherited)",
					"@executable_path/Frameworks",
					"@loader_path/Frameworks",
				);
				PRODUCT_BUNDLE_IDENTIFIER = myTeam.task5Tests;
				PRODUCT_NAME = "$(TARGET_NAME)";
				SWIFT_VERSION = 4.2;
				TARGETED_DEVICE_FAMILY = "1,2";
				TEST_HOST = "$(BUILT_PRODUCTS_DIR)/task5.app/task5";
			};
			name = Debug;
		};
		85F72DC32379CBBE00CA385E /* Release */ = {
			isa = XCBuildConfiguration;
			buildSettings = {
				ALWAYS_EMBED_SWIFT_STANDARD_LIBRARIES = YES;
				BUNDLE_LOADER = "$(TEST_HOST)";
				CODE_SIGN_STYLE = Automatic;
				DEVELOPMENT_TEAM = 6S82TSHRGB;
				INFOPLIST_FILE = task5Tests/Info.plist;
				LD_RUNPATH_SEARCH_PATHS = (
					"$(inherited)",
					"@executable_path/Frameworks",
					"@loader_path/Frameworks",
				);
				PRODUCT_BUNDLE_IDENTIFIER = myTeam.task5Tests;
				PRODUCT_NAME = "$(TARGET_NAME)";
				SWIFT_VERSION = 4.2;
				TARGETED_DEVICE_FAMILY = "1,2";
				TEST_HOST = "$(BUILT_PRODUCTS_DIR)/task5.app/task5";
			};
			name = Release;
		};
		85F72DC52379CBBE00CA385E /* Debug */ = {
			isa = XCBuildConfiguration;
			buildSettings = {
				ALWAYS_EMBED_SWIFT_STANDARD_LIBRARIES = YES;
				CODE_SIGN_STYLE = Automatic;
				DEVELOPMENT_TEAM = 6S82TSHRGB;
				INFOPLIST_FILE = task5UITests/Info.plist;
				LD_RUNPATH_SEARCH_PATHS = (
					"$(inherited)",
					"@executable_path/Frameworks",
					"@loader_path/Frameworks",
				);
				PRODUCT_BUNDLE_IDENTIFIER = myTeam.task5UITests;
				PRODUCT_NAME = "$(TARGET_NAME)";
				SWIFT_VERSION = 4.2;
				TARGETED_DEVICE_FAMILY = "1,2";
				TEST_TARGET_NAME = task5;
			};
			name = Debug;
		};
		85F72DC62379CBBE00CA385E /* Release */ = {
			isa = XCBuildConfiguration;
			buildSettings = {
				ALWAYS_EMBED_SWIFT_STANDARD_LIBRARIES = YES;
				CODE_SIGN_STYLE = Automatic;
				DEVELOPMENT_TEAM = 6S82TSHRGB;
				INFOPLIST_FILE = task5UITests/Info.plist;
				LD_RUNPATH_SEARCH_PATHS = (
					"$(inherited)",
					"@executable_path/Frameworks",
					"@loader_path/Frameworks",
				);
				PRODUCT_BUNDLE_IDENTIFIER = myTeam.task5UITests;
				PRODUCT_NAME = "$(TARGET_NAME)";
				SWIFT_VERSION = 4.2;
				TARGETED_DEVICE_FAMILY = "1,2";
				TEST_TARGET_NAME = task5;
			};
			name = Release;
		};
/* End XCBuildConfiguration section */

/* Begin XCConfigurationList section */
		85F72D8E2379CBBA00CA385E /* Build configuration list for PBXProject "task5" */ = {
			isa = XCConfigurationList;
			buildConfigurations = (
				85F72DBC2379CBBE00CA385E /* Debug */,
				85F72DBD2379CBBE00CA385E /* Release */,
			);
			defaultConfigurationIsVisible = 0;
			defaultConfigurationName = Release;
		};
		85F72DBE2379CBBE00CA385E /* Build configuration list for PBXNativeTarget "task5" */ = {
			isa = XCConfigurationList;
			buildConfigurations = (
				85F72DBF2379CBBE00CA385E /* Debug */,
				85F72DC02379CBBE00CA385E /* Release */,
			);
			defaultConfigurationIsVisible = 0;
			defaultConfigurationName = Release;
		};
		85F72DC12379CBBE00CA385E /* Build configuration list for PBXNativeTarget "task5Tests" */ = {
			isa = XCConfigurationList;
			buildConfigurations = (
				85F72DC22379CBBE00CA385E /* Debug */,
				85F72DC32379CBBE00CA385E /* Release */,
			);
			defaultConfigurationIsVisible = 0;
			defaultConfigurationName = Release;
		};
		85F72DC42379CBBE00CA385E /* Build configuration list for PBXNativeTarget "task5UITests" */ = {
			isa = XCConfigurationList;
			buildConfigurations = (
				85F72DC52379CBBE00CA385E /* Debug */,
				85F72DC62379CBBE00CA385E /* Release */,
			);
			defaultConfigurationIsVisible = 0;
			defaultConfigurationName = Release;
		};
/* End XCConfigurationList section */

/* Begin XCVersionGroup section */
		85F72D9D2379CBBA00CA385E /* task5.xcdatamodeld */ = {
			isa = XCVersionGroup;
			children = (
				85F72D9E2379CBBA00CA385E /* task5.xcdatamodel */,
			);
			currentVersion = 85F72D9E2379CBBA00CA385E /* task5.xcdatamodel */;
			path = task5.xcdatamodeld;
			sourceTree = "<group>";
			versionGroupType = wrapper.xcdatamodel;
		};
/* End XCVersionGroup section */
	};
	rootObject = 85F72D8B2379CBBA00CA385E /* Project object */;
}
